// !$*UTF8*$!
{
	archiveVersion = 1;
	classes = {
	};
	objectVersion = 46;
	objects = {

/* Begin PBXBuildFile section */
		BA7D54891F341FB900401E5E /* BTheme.m in Sources */ = {isa = PBXBuildFile; fileRef = BA7D54881F341FB900401E5E /* BTheme.m */; };
		BA7D54901F3424E900401E5E /* UIColor+BAdditions.m in Sources */ = {isa = PBXBuildFile; fileRef = BA7D548F1F3424E900401E5E /* UIColor+BAdditions.m */; };
		BA7D54931F34284100401E5E /* BTheme.m in Sources */ = {isa = PBXBuildFile; fileRef = BA7D54881F341FB900401E5E /* BTheme.m */; };
		BA7D54941F34284100401E5E /* UIColor+BAdditions.m in Sources */ = {isa = PBXBuildFile; fileRef = BA7D548F1F3424E900401E5E /* UIColor+BAdditions.m */; };
		BA7D54951F34284100401E5E /* ViewController.m in Sources */ = {isa = PBXBuildFile; fileRef = BA8A59881F3328C800F8E474 /* ViewController.m */; };
		BA7D54961F34284100401E5E /* AppDelegate.m in Sources */ = {isa = PBXBuildFile; fileRef = BA8A59851F3328C800F8E474 /* AppDelegate.m */; };
		BA7D54971F34284100401E5E /* main.m in Sources */ = {isa = PBXBuildFile; fileRef = BA8A59821F3328C800F8E474 /* main.m */; };
		BA7D549A1F34284100401E5E /* SharedAssets.xcassets in Resources */ = {isa = PBXBuildFile; fileRef = BA8A598D1F3328C800F8E474 /* SharedAssets.xcassets */; };
		BA7D54BB1F342FCB00401E5E /* BArrowButton.m in Sources */ = {isa = PBXBuildFile; fileRef = BA7D54AA1F342FCB00401E5E /* BArrowButton.m */; };
		BA7D54BC1F342FCB00401E5E /* BArrowButton.m in Sources */ = {isa = PBXBuildFile; fileRef = BA7D54AA1F342FCB00401E5E /* BArrowButton.m */; };
		BA7D54BD1F342FCB00401E5E /* BButton.m in Sources */ = {isa = PBXBuildFile; fileRef = BA7D54AC1F342FCB00401E5E /* BButton.m */; };
		BA7D54BE1F342FCB00401E5E /* BButton.m in Sources */ = {isa = PBXBuildFile; fileRef = BA7D54AC1F342FCB00401E5E /* BButton.m */; };
		BA7D54BF1F342FCB00401E5E /* BClearButton.m in Sources */ = {isa = PBXBuildFile; fileRef = BA7D54AE1F342FCB00401E5E /* BClearButton.m */; };
		BA7D54C01F342FCB00401E5E /* BClearButton.m in Sources */ = {isa = PBXBuildFile; fileRef = BA7D54AE1F342FCB00401E5E /* BClearButton.m */; };
		BA7D54C11F342FCB00401E5E /* BHorizontalButtonItem.m in Sources */ = {isa = PBXBuildFile; fileRef = BA7D54B01F342FCB00401E5E /* BHorizontalButtonItem.m */; };
		BA7D54C21F342FCB00401E5E /* BHorizontalButtonItem.m in Sources */ = {isa = PBXBuildFile; fileRef = BA7D54B01F342FCB00401E5E /* BHorizontalButtonItem.m */; };
		BA7D54C71F342FCB00401E5E /* BSelectButton.m in Sources */ = {isa = PBXBuildFile; fileRef = BA7D54B51F342FCB00401E5E /* BSelectButton.m */; };
		BA7D54C81F342FCB00401E5E /* BSelectButton.m in Sources */ = {isa = PBXBuildFile; fileRef = BA7D54B51F342FCB00401E5E /* BSelectButton.m */; };
		BA7D54C91F342FCB00401E5E /* BSelectDropdownButton.m in Sources */ = {isa = PBXBuildFile; fileRef = BA7D54B71F342FCB00401E5E /* BSelectDropdownButton.m */; };
		BA7D54CA1F342FCB00401E5E /* BSelectDropdownButton.m in Sources */ = {isa = PBXBuildFile; fileRef = BA7D54B71F342FCB00401E5E /* BSelectDropdownButton.m */; };
		BA7D54CB1F342FCB00401E5E /* BSolidButton.m in Sources */ = {isa = PBXBuildFile; fileRef = BA7D54B91F342FCB00401E5E /* BSolidButton.m */; };
		BA7D54CC1F342FCB00401E5E /* BSolidButton.m in Sources */ = {isa = PBXBuildFile; fileRef = BA7D54B91F342FCB00401E5E /* BSolidButton.m */; };
		BA7D54D11F34308000401E5E /* BScale.m in Sources */ = {isa = PBXBuildFile; fileRef = BA7D54D01F34308000401E5E /* BScale.m */; };
		BA7D54D21F34308000401E5E /* BScale.m in Sources */ = {isa = PBXBuildFile; fileRef = BA7D54D01F34308000401E5E /* BScale.m */; };
		BA7D54D81F3431DF00401E5E /* BLog.m in Sources */ = {isa = PBXBuildFile; fileRef = BA7D54D71F3431DF00401E5E /* BLog.m */; };
		BA7D54D91F3431DF00401E5E /* BLog.m in Sources */ = {isa = PBXBuildFile; fileRef = BA7D54D71F3431DF00401E5E /* BLog.m */; };
		BA7D54DC1F3431ED00401E5E /* BLang.m in Sources */ = {isa = PBXBuildFile; fileRef = BA7D54DB1F3431ED00401E5E /* BLang.m */; };
		BA7D54DD1F3431ED00401E5E /* BLang.m in Sources */ = {isa = PBXBuildFile; fileRef = BA7D54DB1F3431ED00401E5E /* BLang.m */; };
		BA7D54E51F3434EA00401E5E /* BCountryLogic.m in Sources */ = {isa = PBXBuildFile; fileRef = BA7D54E41F3434EA00401E5E /* BCountryLogic.m */; };
		BA7D54E61F3434EA00401E5E /* BCountryLogic.m in Sources */ = {isa = PBXBuildFile; fileRef = BA7D54E41F3434EA00401E5E /* BCountryLogic.m */; };
		BA7D54E91F3435E400401E5E /* BVietnamLogic.m in Sources */ = {isa = PBXBuildFile; fileRef = BA7D54E81F3435E400401E5E /* BVietnamLogic.m */; };
		BA7D54EA1F3435E400401E5E /* BVietnamLogic.m in Sources */ = {isa = PBXBuildFile; fileRef = BA7D54E81F3435E400401E5E /* BVietnamLogic.m */; };
		BA7D54ED1F3435FC00401E5E /* BGeneralLogic.m in Sources */ = {isa = PBXBuildFile; fileRef = BA7D54EC1F3435FC00401E5E /* BGeneralLogic.m */; };
		BA7D54EE1F3435FC00401E5E /* BGeneralLogic.m in Sources */ = {isa = PBXBuildFile; fileRef = BA7D54EC1F3435FC00401E5E /* BGeneralLogic.m */; };
		BA7D54F81F34850600401E5E /* BSaleSelectButton.m in Sources */ = {isa = PBXBuildFile; fileRef = BA7D54F71F34850600401E5E /* BSaleSelectButton.m */; };
		BA7D54F91F34850600401E5E /* BSaleSelectButton.m in Sources */ = {isa = PBXBuildFile; fileRef = BA7D54F71F34850600401E5E /* BSaleSelectButton.m */; };
		BA7D54FC1F34855400401E5E /* BSaleSelectButtonItem.m in Sources */ = {isa = PBXBuildFile; fileRef = BA7D54FB1F34855400401E5E /* BSaleSelectButtonItem.m */; };
		BA7D54FD1F34855400401E5E /* BSaleSelectButtonItem.m in Sources */ = {isa = PBXBuildFile; fileRef = BA7D54FB1F34855400401E5E /* BSaleSelectButtonItem.m */; };
		BA7D55081F3485F900401E5E /* BBaseHUD.m in Sources */ = {isa = PBXBuildFile; fileRef = BA7D54FF1F3485F900401E5E /* BBaseHUD.m */; };
		BA7D55091F3485F900401E5E /* BBaseHUD.m in Sources */ = {isa = PBXBuildFile; fileRef = BA7D54FF1F3485F900401E5E /* BBaseHUD.m */; };
		BA7D550A1F3485F900401E5E /* BErrorHUD.m in Sources */ = {isa = PBXBuildFile; fileRef = BA7D55011F3485F900401E5E /* BErrorHUD.m */; };
		BA7D550B1F3485F900401E5E /* BErrorHUD.m in Sources */ = {isa = PBXBuildFile; fileRef = BA7D55011F3485F900401E5E /* BErrorHUD.m */; };
		BA7D550C1F3485F900401E5E /* BLoadingHUD.m in Sources */ = {isa = PBXBuildFile; fileRef = BA7D55031F3485F900401E5E /* BLoadingHUD.m */; };
		BA7D550D1F3485F900401E5E /* BLoadingHUD.m in Sources */ = {isa = PBXBuildFile; fileRef = BA7D55031F3485F900401E5E /* BLoadingHUD.m */; };
		BA7D550E1F3485F900401E5E /* BSuccessHUD.m in Sources */ = {isa = PBXBuildFile; fileRef = BA7D55051F3485F900401E5E /* BSuccessHUD.m */; };
		BA7D550F1F3485F900401E5E /* BSuccessHUD.m in Sources */ = {isa = PBXBuildFile; fileRef = BA7D55051F3485F900401E5E /* BSuccessHUD.m */; };
		BA7D55101F3485F900401E5E /* BSuccessIconHUD.m in Sources */ = {isa = PBXBuildFile; fileRef = BA7D55071F3485F900401E5E /* BSuccessIconHUD.m */; };
		BA7D55111F3485F900401E5E /* BSuccessIconHUD.m in Sources */ = {isa = PBXBuildFile; fileRef = BA7D55071F3485F900401E5E /* BSuccessIconHUD.m */; };
		BA7D55141F3487A600401E5E /* UIView+BAutolayout.m in Sources */ = {isa = PBXBuildFile; fileRef = BA7D55131F3487A600401E5E /* UIView+BAutolayout.m */; };
		BA7D55151F3487A600401E5E /* UIView+BAutolayout.m in Sources */ = {isa = PBXBuildFile; fileRef = BA7D55131F3487A600401E5E /* UIView+BAutolayout.m */; };
		BA7D551B1F348AC100401E5E /* ImagesVN.xcassets in Resources */ = {isa = PBXBuildFile; fileRef = BA7D55191F348AC100401E5E /* ImagesVN.xcassets */; };
		BA7D551D1F348ACE00401E5E /* ImagesEN.xcassets in Resources */ = {isa = PBXBuildFile; fileRef = BA7D551C1F348ACE00401E5E /* ImagesEN.xcassets */; };
		BA7D55291F348B8100401E5E /* BAlertAnimator.m in Sources */ = {isa = PBXBuildFile; fileRef = BA7D55201F348B8100401E5E /* BAlertAnimator.m */; };
		BA7D552A1F348B8100401E5E /* BAlertAnimator.m in Sources */ = {isa = PBXBuildFile; fileRef = BA7D55201F348B8100401E5E /* BAlertAnimator.m */; };
		BA7D552B1F348B8100401E5E /* BAlertController.m in Sources */ = {isa = PBXBuildFile; fileRef = BA7D55221F348B8100401E5E /* BAlertController.m */; };
		BA7D552C1F348B8100401E5E /* BAlertController.m in Sources */ = {isa = PBXBuildFile; fileRef = BA7D55221F348B8100401E5E /* BAlertController.m */; };
		BA7D552D1F348B8100401E5E /* BAlertController+BSettings.m in Sources */ = {isa = PBXBuildFile; fileRef = BA7D55241F348B8100401E5E /* BAlertController+BSettings.m */; };
		BA7D552E1F348B8100401E5E /* BAlertController+BSettings.m in Sources */ = {isa = PBXBuildFile; fileRef = BA7D55241F348B8100401E5E /* BAlertController+BSettings.m */; };
		BA7D552F1F348B8100401E5E /* BAlertController+InfoView.m in Sources */ = {isa = PBXBuildFile; fileRef = BA7D55261F348B8100401E5E /* BAlertController+InfoView.m */; };
		BA7D55301F348B8100401E5E /* BAlertController+InfoView.m in Sources */ = {isa = PBXBuildFile; fileRef = BA7D55261F348B8100401E5E /* BAlertController+InfoView.m */; };
		BA7D55311F348B8100401E5E /* BAlertInfoView.m in Sources */ = {isa = PBXBuildFile; fileRef = BA7D55281F348B8100401E5E /* BAlertInfoView.m */; };
		BA7D55321F348B8100401E5E /* BAlertInfoView.m in Sources */ = {isa = PBXBuildFile; fileRef = BA7D55281F348B8100401E5E /* BAlertInfoView.m */; };
		BA7D553D1F348B9900401E5E /* BTextFieldController.m in Sources */ = {isa = PBXBuildFile; fileRef = BA7D55341F348B9900401E5E /* BTextFieldController.m */; };
		BA7D553E1F348B9900401E5E /* BTextFieldController.m in Sources */ = {isa = PBXBuildFile; fileRef = BA7D55341F348B9900401E5E /* BTextFieldController.m */; };
		BA7D55411F348B9900401E5E /* BTextFieldNumberController.m in Sources */ = {isa = PBXBuildFile; fileRef = BA7D55371F348B9900401E5E /* BTextFieldNumberController.m */; };
		BA7D55421F348B9900401E5E /* BTextFieldNumberController.m in Sources */ = {isa = PBXBuildFile; fileRef = BA7D55371F348B9900401E5E /* BTextFieldNumberController.m */; };
		BA7D55451F348B9900401E5E /* UITextField+BTextFieldController.m in Sources */ = {isa = PBXBuildFile; fileRef = BA7D553A1F348B9900401E5E /* UITextField+BTextFieldController.m */; };
		BA7D55461F348B9900401E5E /* UITextField+BTextFieldController.m in Sources */ = {isa = PBXBuildFile; fileRef = BA7D553A1F348B9900401E5E /* UITextField+BTextFieldController.m */; };
		BA7D55471F348B9900401E5E /* UITextField+RightAlignedNoSpaceFix.m in Sources */ = {isa = PBXBuildFile; fileRef = BA7D553C1F348B9900401E5E /* UITextField+RightAlignedNoSpaceFix.m */; };
		BA7D55481F348B9900401E5E /* UITextField+RightAlignedNoSpaceFix.m in Sources */ = {isa = PBXBuildFile; fileRef = BA7D553C1F348B9900401E5E /* UITextField+RightAlignedNoSpaceFix.m */; };
		BA7D554E1F348CA900401E5E /* BTKeyboardNotifier.m in Sources */ = {isa = PBXBuildFile; fileRef = BA7D554D1F348CA900401E5E /* BTKeyboardNotifier.m */; };
		BA7D554F1F348CA900401E5E /* BTKeyboardNotifier.m in Sources */ = {isa = PBXBuildFile; fileRef = BA7D554D1F348CA900401E5E /* BTKeyboardNotifier.m */; };
		BA7D555D1F348E3900401E5E /* BDateFormatter.m in Sources */ = {isa = PBXBuildFile; fileRef = BA7D55561F348E3900401E5E /* BDateFormatter.m */; };
		BA7D555E1F348E3900401E5E /* BDateFormatter.m in Sources */ = {isa = PBXBuildFile; fileRef = BA7D55561F348E3900401E5E /* BDateFormatter.m */; };
		BA7D555F1F348E3900401E5E /* BNumberFormatter.m in Sources */ = {isa = PBXBuildFile; fileRef = BA7D55581F348E3900401E5E /* BNumberFormatter.m */; };
		BA7D55601F348E3900401E5E /* BNumberFormatter.m in Sources */ = {isa = PBXBuildFile; fileRef = BA7D55581F348E3900401E5E /* BNumberFormatter.m */; };
		BA7D55611F348E3900401E5E /* NSDate+BFormatter.m in Sources */ = {isa = PBXBuildFile; fileRef = BA7D555A1F348E3900401E5E /* NSDate+BFormatter.m */; };
		BA7D55621F348E3900401E5E /* NSDate+BFormatter.m in Sources */ = {isa = PBXBuildFile; fileRef = BA7D555A1F348E3900401E5E /* NSDate+BFormatter.m */; };
		BA7D55631F348E3900401E5E /* NSString+BFormatter.m in Sources */ = {isa = PBXBuildFile; fileRef = BA7D555C1F348E3900401E5E /* NSString+BFormatter.m */; };
		BA7D55641F348E3900401E5E /* NSString+BFormatter.m in Sources */ = {isa = PBXBuildFile; fileRef = BA7D555C1F348E3900401E5E /* NSString+BFormatter.m */; };
		BA7D55771F348E4E00401E5E /* NSError+BAppError.m in Sources */ = {isa = PBXBuildFile; fileRef = BA7D55661F348E4E00401E5E /* NSError+BAppError.m */; };
		BA7D55781F348E4E00401E5E /* NSError+BAppError.m in Sources */ = {isa = PBXBuildFile; fileRef = BA7D55661F348E4E00401E5E /* NSError+BAppError.m */; };
		BA7D55791F348E4E00401E5E /* NSError+BAppFormatter.m in Sources */ = {isa = PBXBuildFile; fileRef = BA7D55681F348E4E00401E5E /* NSError+BAppFormatter.m */; };
		BA7D557A1F348E4E00401E5E /* NSError+BAppFormatter.m in Sources */ = {isa = PBXBuildFile; fileRef = BA7D55681F348E4E00401E5E /* NSError+BAppFormatter.m */; };
		BA7D557B1F348E4E00401E5E /* NSError+BError.m in Sources */ = {isa = PBXBuildFile; fileRef = BA7D556A1F348E4E00401E5E /* NSError+BError.m */; };
		BA7D557C1F348E4E00401E5E /* NSError+BError.m in Sources */ = {isa = PBXBuildFile; fileRef = BA7D556A1F348E4E00401E5E /* NSError+BError.m */; };
		BA7D55831F348E4E00401E5E /* NSError+BServerError.m in Sources */ = {isa = PBXBuildFile; fileRef = BA7D55721F348E4E00401E5E /* NSError+BServerError.m */; };
		BA7D55841F348E4E00401E5E /* NSError+BServerError.m in Sources */ = {isa = PBXBuildFile; fileRef = BA7D55721F348E4E00401E5E /* NSError+BServerError.m */; };
		BA7D55871F348E4E00401E5E /* NSError+BWebViewError.m in Sources */ = {isa = PBXBuildFile; fileRef = BA7D55761F348E4E00401E5E /* NSError+BWebViewError.m */; };
		BA7D55881F348E4E00401E5E /* NSError+BWebViewError.m in Sources */ = {isa = PBXBuildFile; fileRef = BA7D55761F348E4E00401E5E /* NSError+BWebViewError.m */; };
		BA7D55BD1F348E6200401E5E /* NSError+BFormatter.m in Sources */ = {isa = PBXBuildFile; fileRef = BA7D55921F348E6200401E5E /* NSError+BFormatter.m */; };
		BA7D55BE1F348E6200401E5E /* NSError+BFormatter.m in Sources */ = {isa = PBXBuildFile; fileRef = BA7D55921F348E6200401E5E /* NSError+BFormatter.m */; };
		BA7D55C51F348E6200401E5E /* NSError+BLoginFormatter.m in Sources */ = {isa = PBXBuildFile; fileRef = BA7D559A1F348E6200401E5E /* NSError+BLoginFormatter.m */; };
		BA7D55C61F348E6200401E5E /* NSError+BLoginFormatter.m in Sources */ = {isa = PBXBuildFile; fileRef = BA7D559A1F348E6200401E5E /* NSError+BLoginFormatter.m */; };
		BA7D55D51F348E6200401E5E /* NSError+BRegisterFormatter.m in Sources */ = {isa = PBXBuildFile; fileRef = BA7D55AA1F348E6200401E5E /* NSError+BRegisterFormatter.m */; };
		BA7D55D61F348E6200401E5E /* NSError+BRegisterFormatter.m in Sources */ = {isa = PBXBuildFile; fileRef = BA7D55AA1F348E6200401E5E /* NSError+BRegisterFormatter.m */; };
		BA7D56081F34922F00401E5E /* EXTRuntimeExtensions.m in Sources */ = {isa = PBXBuildFile; fileRef = BA7D55E61F34922F00401E5E /* EXTRuntimeExtensions.m */; };
		BA7D56091F34922F00401E5E /* EXTRuntimeExtensions.m in Sources */ = {isa = PBXBuildFile; fileRef = BA7D55E61F34922F00401E5E /* EXTRuntimeExtensions.m */; };
		BA7D560A1F34922F00401E5E /* EXTScope.m in Sources */ = {isa = PBXBuildFile; fileRef = BA7D55E81F34922F00401E5E /* EXTScope.m */; };
		BA7D560B1F34922F00401E5E /* EXTScope.m in Sources */ = {isa = PBXBuildFile; fileRef = BA7D55E81F34922F00401E5E /* EXTScope.m */; };
		BA7D560C1F34922F00401E5E /* Info.plist in Resources */ = {isa = PBXBuildFile; fileRef = BA7D55EA1F34922F00401E5E /* Info.plist */; };
		BA7D560D1F34922F00401E5E /* Info.plist in Resources */ = {isa = PBXBuildFile; fileRef = BA7D55EA1F34922F00401E5E /* Info.plist */; };
		BA7D560E1F34922F00401E5E /* MTLJSONAdapter.m in Sources */ = {isa = PBXBuildFile; fileRef = BA7D55ED1F34922F00401E5E /* MTLJSONAdapter.m */; };
		BA7D560F1F34922F00401E5E /* MTLJSONAdapter.m in Sources */ = {isa = PBXBuildFile; fileRef = BA7D55ED1F34922F00401E5E /* MTLJSONAdapter.m */; };
		BA7D56101F34922F00401E5E /* MTLModel.m in Sources */ = {isa = PBXBuildFile; fileRef = BA7D55EF1F34922F00401E5E /* MTLModel.m */; };
		BA7D56111F34922F00401E5E /* MTLModel.m in Sources */ = {isa = PBXBuildFile; fileRef = BA7D55EF1F34922F00401E5E /* MTLModel.m */; };
		BA7D56121F34922F00401E5E /* MTLModel+NSCoding.m in Sources */ = {isa = PBXBuildFile; fileRef = BA7D55F11F34922F00401E5E /* MTLModel+NSCoding.m */; };
		BA7D56131F34922F00401E5E /* MTLModel+NSCoding.m in Sources */ = {isa = PBXBuildFile; fileRef = BA7D55F11F34922F00401E5E /* MTLModel+NSCoding.m */; };
		BA7D56141F34922F00401E5E /* MTLReflection.m in Sources */ = {isa = PBXBuildFile; fileRef = BA7D55F31F34922F00401E5E /* MTLReflection.m */; };
		BA7D56151F34922F00401E5E /* MTLReflection.m in Sources */ = {isa = PBXBuildFile; fileRef = BA7D55F31F34922F00401E5E /* MTLReflection.m */; };
		BA7D56161F34922F00401E5E /* MTLTransformerErrorHandling.m in Sources */ = {isa = PBXBuildFile; fileRef = BA7D55F51F34922F00401E5E /* MTLTransformerErrorHandling.m */; };
		BA7D56171F34922F00401E5E /* MTLTransformerErrorHandling.m in Sources */ = {isa = PBXBuildFile; fileRef = BA7D55F51F34922F00401E5E /* MTLTransformerErrorHandling.m */; };
		BA7D56181F34922F00401E5E /* MTLValueTransformer.m in Sources */ = {isa = PBXBuildFile; fileRef = BA7D55F71F34922F00401E5E /* MTLValueTransformer.m */; };
		BA7D56191F34922F00401E5E /* MTLValueTransformer.m in Sources */ = {isa = PBXBuildFile; fileRef = BA7D55F71F34922F00401E5E /* MTLValueTransformer.m */; };
		BA7D561A1F34922F00401E5E /* NSArray+MTLManipulationAdditions.m in Sources */ = {isa = PBXBuildFile; fileRef = BA7D55F91F34922F00401E5E /* NSArray+MTLManipulationAdditions.m */; };
		BA7D561B1F34922F00401E5E /* NSArray+MTLManipulationAdditions.m in Sources */ = {isa = PBXBuildFile; fileRef = BA7D55F91F34922F00401E5E /* NSArray+MTLManipulationAdditions.m */; };
		BA7D561C1F34922F00401E5E /* NSDictionary+MTLJSONKeyPath.m in Sources */ = {isa = PBXBuildFile; fileRef = BA7D55FB1F34922F00401E5E /* NSDictionary+MTLJSONKeyPath.m */; };
		BA7D561D1F34922F00401E5E /* NSDictionary+MTLJSONKeyPath.m in Sources */ = {isa = PBXBuildFile; fileRef = BA7D55FB1F34922F00401E5E /* NSDictionary+MTLJSONKeyPath.m */; };
		BA7D561E1F34922F00401E5E /* NSDictionary+MTLManipulationAdditions.m in Sources */ = {isa = PBXBuildFile; fileRef = BA7D55FD1F34922F00401E5E /* NSDictionary+MTLManipulationAdditions.m */; };
		BA7D561F1F34922F00401E5E /* NSDictionary+MTLManipulationAdditions.m in Sources */ = {isa = PBXBuildFile; fileRef = BA7D55FD1F34922F00401E5E /* NSDictionary+MTLManipulationAdditions.m */; };
		BA7D56201F34922F00401E5E /* NSDictionary+MTLMappingAdditions.m in Sources */ = {isa = PBXBuildFile; fileRef = BA7D55FF1F34922F00401E5E /* NSDictionary+MTLMappingAdditions.m */; };
		BA7D56211F34922F00401E5E /* NSDictionary+MTLMappingAdditions.m in Sources */ = {isa = PBXBuildFile; fileRef = BA7D55FF1F34922F00401E5E /* NSDictionary+MTLMappingAdditions.m */; };
		BA7D56221F34922F00401E5E /* NSError+MTLModelException.m in Sources */ = {isa = PBXBuildFile; fileRef = BA7D56011F34922F00401E5E /* NSError+MTLModelException.m */; };
		BA7D56231F34922F00401E5E /* NSError+MTLModelException.m in Sources */ = {isa = PBXBuildFile; fileRef = BA7D56011F34922F00401E5E /* NSError+MTLModelException.m */; };
		BA7D56241F34922F00401E5E /* NSObject+MTLComparisonAdditions.m in Sources */ = {isa = PBXBuildFile; fileRef = BA7D56031F34922F00401E5E /* NSObject+MTLComparisonAdditions.m */; };
		BA7D56251F34922F00401E5E /* NSObject+MTLComparisonAdditions.m in Sources */ = {isa = PBXBuildFile; fileRef = BA7D56031F34922F00401E5E /* NSObject+MTLComparisonAdditions.m */; };
		BA7D56261F34922F00401E5E /* NSValueTransformer+MTLInversionAdditions.m in Sources */ = {isa = PBXBuildFile; fileRef = BA7D56051F34922F00401E5E /* NSValueTransformer+MTLInversionAdditions.m */; };
		BA7D56271F34922F00401E5E /* NSValueTransformer+MTLInversionAdditions.m in Sources */ = {isa = PBXBuildFile; fileRef = BA7D56051F34922F00401E5E /* NSValueTransformer+MTLInversionAdditions.m */; };
		BA7D56281F34922F00401E5E /* NSValueTransformer+MTLPredefinedTransformerAdditions.m in Sources */ = {isa = PBXBuildFile; fileRef = BA7D56071F34922F00401E5E /* NSValueTransformer+MTLPredefinedTransformerAdditions.m */; };
		BA7D56291F34922F00401E5E /* NSValueTransformer+MTLPredefinedTransformerAdditions.m in Sources */ = {isa = PBXBuildFile; fileRef = BA7D56071F34922F00401E5E /* NSValueTransformer+MTLPredefinedTransformerAdditions.m */; };
		BA8A59831F3328C800F8E474 /* main.m in Sources */ = {isa = PBXBuildFile; fileRef = BA8A59821F3328C800F8E474 /* main.m */; };
		BA8A59861F3328C800F8E474 /* AppDelegate.m in Sources */ = {isa = PBXBuildFile; fileRef = BA8A59851F3328C800F8E474 /* AppDelegate.m */; };
		BA8A59891F3328C800F8E474 /* ViewController.m in Sources */ = {isa = PBXBuildFile; fileRef = BA8A59881F3328C800F8E474 /* ViewController.m */; };
		BA8A598E1F3328C800F8E474 /* SharedAssets.xcassets in Resources */ = {isa = PBXBuildFile; fileRef = BA8A598D1F3328C800F8E474 /* SharedAssets.xcassets */; };
		BA8A599C1F3328C800F8E474 /* ObjectiveCBaseApplicationTests.m in Sources */ = {isa = PBXBuildFile; fileRef = BA8A599B1F3328C800F8E474 /* ObjectiveCBaseApplicationTests.m */; };
		BA8A59A71F3328C800F8E474 /* ObjectiveCBaseApplicationUITests.m in Sources */ = {isa = PBXBuildFile; fileRef = BA8A59A61F3328C800F8E474 /* ObjectiveCBaseApplicationUITests.m */; };
		BEE5B234748D2DA382767D44 /* libPods-BasePods-Base VN.a in Frameworks */ = {isa = PBXBuildFile; fileRef = 40BE04A7AEE1D221AF574443 /* libPods-BasePods-Base VN.a */; };
		F4C900D1FC16FFC727A9BF0A /* libPods-BasePods-Base EN.a in Frameworks */ = {isa = PBXBuildFile; fileRef = 64A5478175C43A8A3FD48CF7 /* libPods-BasePods-Base EN.a */; };
/* End PBXBuildFile section */

/* Begin PBXContainerItemProxy section */
		BA8A59981F3328C800F8E474 /* PBXContainerItemProxy */ = {
			isa = PBXContainerItemProxy;
			containerPortal = BA8A59761F3328C800F8E474 /* Project object */;
			proxyType = 1;
			remoteGlobalIDString = BA8A597D1F3328C800F8E474;
			remoteInfo = ObjectiveCBaseApplication;
		};
		BA8A59A31F3328C800F8E474 /* PBXContainerItemProxy */ = {
			isa = PBXContainerItemProxy;
			containerPortal = BA8A59761F3328C800F8E474 /* Project object */;
			proxyType = 1;
			remoteGlobalIDString = BA8A597D1F3328C800F8E474;
			remoteInfo = ObjectiveCBaseApplication;
		};
/* End PBXContainerItemProxy section */

/* Begin PBXFileReference section */
		38D08F05871A34456ACE69CA /* Pods-BasePods-Base EN.release.xcconfig */ = {isa = PBXFileReference; includeInIndex = 1; lastKnownFileType = text.xcconfig; name = "Pods-BasePods-Base EN.release.xcconfig"; path = "Pods/Target Support Files/Pods-BasePods-Base EN/Pods-BasePods-Base EN.release.xcconfig"; sourceTree = "<group>"; };
		40BE04A7AEE1D221AF574443 /* libPods-BasePods-Base VN.a */ = {isa = PBXFileReference; explicitFileType = archive.ar; includeInIndex = 0; path = "libPods-BasePods-Base VN.a"; sourceTree = BUILT_PRODUCTS_DIR; };
		64A5478175C43A8A3FD48CF7 /* libPods-BasePods-Base EN.a */ = {isa = PBXFileReference; explicitFileType = archive.ar; includeInIndex = 0; path = "libPods-BasePods-Base EN.a"; sourceTree = BUILT_PRODUCTS_DIR; };
		8200F41C4CC12FEDC6AAD3E5 /* Pods-BasePods-Base VN.debug.xcconfig */ = {isa = PBXFileReference; includeInIndex = 1; lastKnownFileType = text.xcconfig; name = "Pods-BasePods-Base VN.debug.xcconfig"; path = "Pods/Target Support Files/Pods-BasePods-Base VN/Pods-BasePods-Base VN.debug.xcconfig"; sourceTree = "<group>"; };
		A4C25FCA1521C4E9C5A4AB07 /* Pods-BasePods-Base EN.debug.xcconfig */ = {isa = PBXFileReference; includeInIndex = 1; lastKnownFileType = text.xcconfig; name = "Pods-BasePods-Base EN.debug.xcconfig"; path = "Pods/Target Support Files/Pods-BasePods-Base EN/Pods-BasePods-Base EN.debug.xcconfig"; sourceTree = "<group>"; };
		BA7D54871F341FB900401E5E /* BTheme.h */ = {isa = PBXFileReference; fileEncoding = 4; lastKnownFileType = sourcecode.c.h; path = BTheme.h; sourceTree = "<group>"; };
		BA7D54881F341FB900401E5E /* BTheme.m */ = {isa = PBXFileReference; fileEncoding = 4; lastKnownFileType = sourcecode.c.objc; path = BTheme.m; sourceTree = "<group>"; };
		BA7D548E1F3424E900401E5E /* UIColor+BAdditions.h */ = {isa = PBXFileReference; fileEncoding = 4; lastKnownFileType = sourcecode.c.h; path = "UIColor+BAdditions.h"; sourceTree = "<group>"; };
		BA7D548F1F3424E900401E5E /* UIColor+BAdditions.m */ = {isa = PBXFileReference; fileEncoding = 4; lastKnownFileType = sourcecode.c.objc; path = "UIColor+BAdditions.m"; sourceTree = "<group>"; };
		BA7D549E1F34284100401E5E /* Base VN.app */ = {isa = PBXFileReference; explicitFileType = wrapper.application; includeInIndex = 0; path = "Base VN.app"; sourceTree = BUILT_PRODUCTS_DIR; };
		BA7D549F1F34284200401E5E /* ObjectiveCBaseApplication copy-Info.plist */ = {isa = PBXFileReference; lastKnownFileType = text.plist.xml; name = "ObjectiveCBaseApplication copy-Info.plist"; path = "/Users/Truong/WSP_IOS/github/ObjectiveCBaseApplication/ObjectiveCBaseApplication copy-Info.plist"; sourceTree = "<absolute>"; };
		BA7D54A91F342FCB00401E5E /* BArrowButton.h */ = {isa = PBXFileReference; fileEncoding = 4; lastKnownFileType = sourcecode.c.h; path = BArrowButton.h; sourceTree = "<group>"; };
		BA7D54AA1F342FCB00401E5E /* BArrowButton.m */ = {isa = PBXFileReference; fileEncoding = 4; lastKnownFileType = sourcecode.c.objc; path = BArrowButton.m; sourceTree = "<group>"; };
		BA7D54AB1F342FCB00401E5E /* BButton.h */ = {isa = PBXFileReference; fileEncoding = 4; lastKnownFileType = sourcecode.c.h; path = BButton.h; sourceTree = "<group>"; };
		BA7D54AC1F342FCB00401E5E /* BButton.m */ = {isa = PBXFileReference; fileEncoding = 4; lastKnownFileType = sourcecode.c.objc; path = BButton.m; sourceTree = "<group>"; };
		BA7D54AD1F342FCB00401E5E /* BClearButton.h */ = {isa = PBXFileReference; fileEncoding = 4; lastKnownFileType = sourcecode.c.h; path = BClearButton.h; sourceTree = "<group>"; };
		BA7D54AE1F342FCB00401E5E /* BClearButton.m */ = {isa = PBXFileReference; fileEncoding = 4; lastKnownFileType = sourcecode.c.objc; path = BClearButton.m; sourceTree = "<group>"; };
		BA7D54AF1F342FCB00401E5E /* BHorizontalButtonItem.h */ = {isa = PBXFileReference; fileEncoding = 4; lastKnownFileType = sourcecode.c.h; path = BHorizontalButtonItem.h; sourceTree = "<group>"; };
		BA7D54B01F342FCB00401E5E /* BHorizontalButtonItem.m */ = {isa = PBXFileReference; fileEncoding = 4; lastKnownFileType = sourcecode.c.objc; path = BHorizontalButtonItem.m; sourceTree = "<group>"; };
		BA7D54B41F342FCB00401E5E /* BSelectButton.h */ = {isa = PBXFileReference; fileEncoding = 4; lastKnownFileType = sourcecode.c.h; path = BSelectButton.h; sourceTree = "<group>"; };
		BA7D54B51F342FCB00401E5E /* BSelectButton.m */ = {isa = PBXFileReference; fileEncoding = 4; lastKnownFileType = sourcecode.c.objc; path = BSelectButton.m; sourceTree = "<group>"; };
		BA7D54B61F342FCB00401E5E /* BSelectDropdownButton.h */ = {isa = PBXFileReference; fileEncoding = 4; lastKnownFileType = sourcecode.c.h; path = BSelectDropdownButton.h; sourceTree = "<group>"; };
		BA7D54B71F342FCB00401E5E /* BSelectDropdownButton.m */ = {isa = PBXFileReference; fileEncoding = 4; lastKnownFileType = sourcecode.c.objc; path = BSelectDropdownButton.m; sourceTree = "<group>"; };
		BA7D54B81F342FCB00401E5E /* BSolidButton.h */ = {isa = PBXFileReference; fileEncoding = 4; lastKnownFileType = sourcecode.c.h; path = BSolidButton.h; sourceTree = "<group>"; };
		BA7D54B91F342FCB00401E5E /* BSolidButton.m */ = {isa = PBXFileReference; fileEncoding = 4; lastKnownFileType = sourcecode.c.objc; path = BSolidButton.m; sourceTree = "<group>"; };
		BA7D54CF1F34308000401E5E /* BScale.h */ = {isa = PBXFileReference; fileEncoding = 4; lastKnownFileType = sourcecode.c.h; path = BScale.h; sourceTree = "<group>"; };
		BA7D54D01F34308000401E5E /* BScale.m */ = {isa = PBXFileReference; fileEncoding = 4; lastKnownFileType = sourcecode.c.objc; path = BScale.m; sourceTree = "<group>"; };
		BA7D54D61F3431DF00401E5E /* BLog.h */ = {isa = PBXFileReference; fileEncoding = 4; lastKnownFileType = sourcecode.c.h; path = BLog.h; sourceTree = "<group>"; };
		BA7D54D71F3431DF00401E5E /* BLog.m */ = {isa = PBXFileReference; fileEncoding = 4; lastKnownFileType = sourcecode.c.objc; path = BLog.m; sourceTree = "<group>"; };
		BA7D54DA1F3431ED00401E5E /* BLang.h */ = {isa = PBXFileReference; fileEncoding = 4; lastKnownFileType = sourcecode.c.h; path = BLang.h; sourceTree = "<group>"; };
		BA7D54DB1F3431ED00401E5E /* BLang.m */ = {isa = PBXFileReference; fileEncoding = 4; lastKnownFileType = sourcecode.c.objc; path = BLang.m; sourceTree = "<group>"; };
		BA7D54DF1F34349C00401E5E /* BCountryLogicProtocol.h */ = {isa = PBXFileReference; fileEncoding = 4; lastKnownFileType = sourcecode.c.h; path = BCountryLogicProtocol.h; sourceTree = "<group>"; };
		BA7D54E31F3434EA00401E5E /* BCountryLogic.h */ = {isa = PBXFileReference; fileEncoding = 4; lastKnownFileType = sourcecode.c.h; path = BCountryLogic.h; sourceTree = "<group>"; };
		BA7D54E41F3434EA00401E5E /* BCountryLogic.m */ = {isa = PBXFileReference; fileEncoding = 4; lastKnownFileType = sourcecode.c.objc; path = BCountryLogic.m; sourceTree = "<group>"; };
		BA7D54E71F3435E400401E5E /* BVietnamLogic.h */ = {isa = PBXFileReference; fileEncoding = 4; lastKnownFileType = sourcecode.c.h; path = BVietnamLogic.h; sourceTree = "<group>"; };
		BA7D54E81F3435E400401E5E /* BVietnamLogic.m */ = {isa = PBXFileReference; fileEncoding = 4; lastKnownFileType = sourcecode.c.objc; path = BVietnamLogic.m; sourceTree = "<group>"; };
		BA7D54EB1F3435FC00401E5E /* BGeneralLogic.h */ = {isa = PBXFileReference; fileEncoding = 4; lastKnownFileType = sourcecode.c.h; path = BGeneralLogic.h; sourceTree = "<group>"; };
		BA7D54EC1F3435FC00401E5E /* BGeneralLogic.m */ = {isa = PBXFileReference; fileEncoding = 4; lastKnownFileType = sourcecode.c.objc; path = BGeneralLogic.m; sourceTree = "<group>"; };
		BA7D54EF1F3437AA00401E5E /* BCountryLogicAppConfigProtocol.h */ = {isa = PBXFileReference; fileEncoding = 4; lastKnownFileType = sourcecode.c.h; path = BCountryLogicAppConfigProtocol.h; sourceTree = "<group>"; };
		BA7D54F31F34695F00401E5E /* Base-Prefix.pch */ = {isa = PBXFileReference; lastKnownFileType = sourcecode.c.h; path = "Base-Prefix.pch"; sourceTree = "<group>"; };
		BA7D54F41F346AD300401E5E /* Base EN-Bridging-Header.h */ = {isa = PBXFileReference; fileEncoding = 4; lastKnownFileType = sourcecode.c.h; path = "Base EN-Bridging-Header.h"; sourceTree = "<group>"; };
		BA7D54F51F346AD300401E5E /* Base VN-Bridging-Header.h */ = {isa = PBXFileReference; fileEncoding = 4; lastKnownFileType = sourcecode.c.h; path = "Base VN-Bridging-Header.h"; sourceTree = "<group>"; };
		BA7D54F61F34850600401E5E /* BSaleSelectButton.h */ = {isa = PBXFileReference; fileEncoding = 4; lastKnownFileType = sourcecode.c.h; path = BSaleSelectButton.h; sourceTree = "<group>"; };
		BA7D54F71F34850600401E5E /* BSaleSelectButton.m */ = {isa = PBXFileReference; fileEncoding = 4; lastKnownFileType = sourcecode.c.objc; path = BSaleSelectButton.m; sourceTree = "<group>"; };
		BA7D54FA1F34855400401E5E /* BSaleSelectButtonItem.h */ = {isa = PBXFileReference; fileEncoding = 4; lastKnownFileType = sourcecode.c.h; path = BSaleSelectButtonItem.h; sourceTree = "<group>"; };
		BA7D54FB1F34855400401E5E /* BSaleSelectButtonItem.m */ = {isa = PBXFileReference; fileEncoding = 4; lastKnownFileType = sourcecode.c.objc; path = BSaleSelectButtonItem.m; sourceTree = "<group>"; };
		BA7D54FE1F3485F900401E5E /* BBaseHUD.h */ = {isa = PBXFileReference; fileEncoding = 4; lastKnownFileType = sourcecode.c.h; path = BBaseHUD.h; sourceTree = "<group>"; };
		BA7D54FF1F3485F900401E5E /* BBaseHUD.m */ = {isa = PBXFileReference; fileEncoding = 4; lastKnownFileType = sourcecode.c.objc; path = BBaseHUD.m; sourceTree = "<group>"; };
		BA7D55001F3485F900401E5E /* BErrorHUD.h */ = {isa = PBXFileReference; fileEncoding = 4; lastKnownFileType = sourcecode.c.h; path = BErrorHUD.h; sourceTree = "<group>"; };
		BA7D55011F3485F900401E5E /* BErrorHUD.m */ = {isa = PBXFileReference; fileEncoding = 4; lastKnownFileType = sourcecode.c.objc; path = BErrorHUD.m; sourceTree = "<group>"; };
		BA7D55021F3485F900401E5E /* BLoadingHUD.h */ = {isa = PBXFileReference; fileEncoding = 4; lastKnownFileType = sourcecode.c.h; path = BLoadingHUD.h; sourceTree = "<group>"; };
		BA7D55031F3485F900401E5E /* BLoadingHUD.m */ = {isa = PBXFileReference; fileEncoding = 4; lastKnownFileType = sourcecode.c.objc; path = BLoadingHUD.m; sourceTree = "<group>"; };
		BA7D55041F3485F900401E5E /* BSuccessHUD.h */ = {isa = PBXFileReference; fileEncoding = 4; lastKnownFileType = sourcecode.c.h; path = BSuccessHUD.h; sourceTree = "<group>"; };
		BA7D55051F3485F900401E5E /* BSuccessHUD.m */ = {isa = PBXFileReference; fileEncoding = 4; lastKnownFileType = sourcecode.c.objc; path = BSuccessHUD.m; sourceTree = "<group>"; };
		BA7D55061F3485F900401E5E /* BSuccessIconHUD.h */ = {isa = PBXFileReference; fileEncoding = 4; lastKnownFileType = sourcecode.c.h; path = BSuccessIconHUD.h; sourceTree = "<group>"; };
		BA7D55071F3485F900401E5E /* BSuccessIconHUD.m */ = {isa = PBXFileReference; fileEncoding = 4; lastKnownFileType = sourcecode.c.objc; path = BSuccessIconHUD.m; sourceTree = "<group>"; };
		BA7D55121F3487A600401E5E /* UIView+BAutolayout.h */ = {isa = PBXFileReference; fileEncoding = 4; lastKnownFileType = sourcecode.c.h; path = "UIView+BAutolayout.h"; sourceTree = "<group>"; };
		BA7D55131F3487A600401E5E /* UIView+BAutolayout.m */ = {isa = PBXFileReference; fileEncoding = 4; lastKnownFileType = sourcecode.c.objc; path = "UIView+BAutolayout.m"; sourceTree = "<group>"; };
		BA7D55191F348AC100401E5E /* ImagesVN.xcassets */ = {isa = PBXFileReference; lastKnownFileType = folder.assetcatalog; path = ImagesVN.xcassets; sourceTree = "<group>"; };
		BA7D551C1F348ACE00401E5E /* ImagesEN.xcassets */ = {isa = PBXFileReference; lastKnownFileType = folder.assetcatalog; path = ImagesEN.xcassets; sourceTree = "<group>"; };
		BA7D551F1F348B8100401E5E /* BAlertAnimator.h */ = {isa = PBXFileReference; fileEncoding = 4; lastKnownFileType = sourcecode.c.h; path = BAlertAnimator.h; sourceTree = "<group>"; };
		BA7D55201F348B8100401E5E /* BAlertAnimator.m */ = {isa = PBXFileReference; fileEncoding = 4; lastKnownFileType = sourcecode.c.objc; path = BAlertAnimator.m; sourceTree = "<group>"; };
		BA7D55211F348B8100401E5E /* BAlertController.h */ = {isa = PBXFileReference; fileEncoding = 4; lastKnownFileType = sourcecode.c.h; path = BAlertController.h; sourceTree = "<group>"; };
		BA7D55221F348B8100401E5E /* BAlertController.m */ = {isa = PBXFileReference; fileEncoding = 4; lastKnownFileType = sourcecode.c.objc; path = BAlertController.m; sourceTree = "<group>"; };
		BA7D55231F348B8100401E5E /* BAlertController+BSettings.h */ = {isa = PBXFileReference; fileEncoding = 4; lastKnownFileType = sourcecode.c.h; name = "BAlertController+BSettings.h"; path = "../BAlertController+BSettings.h"; sourceTree = "<group>"; };
		BA7D55241F348B8100401E5E /* BAlertController+BSettings.m */ = {isa = PBXFileReference; fileEncoding = 4; lastKnownFileType = sourcecode.c.objc; name = "BAlertController+BSettings.m"; path = "../BAlertController+BSettings.m"; sourceTree = "<group>"; };
		BA7D55251F348B8100401E5E /* BAlertController+InfoView.h */ = {isa = PBXFileReference; fileEncoding = 4; lastKnownFileType = sourcecode.c.h; name = "BAlertController+InfoView.h"; path = "../BAlertController+InfoView.h"; sourceTree = "<group>"; };
		BA7D55261F348B8100401E5E /* BAlertController+InfoView.m */ = {isa = PBXFileReference; fileEncoding = 4; lastKnownFileType = sourcecode.c.objc; name = "BAlertController+InfoView.m"; path = "../BAlertController+InfoView.m"; sourceTree = "<group>"; };
		BA7D55271F348B8100401E5E /* BAlertInfoView.h */ = {isa = PBXFileReference; fileEncoding = 4; lastKnownFileType = sourcecode.c.h; path = BAlertInfoView.h; sourceTree = "<group>"; };
		BA7D55281F348B8100401E5E /* BAlertInfoView.m */ = {isa = PBXFileReference; fileEncoding = 4; lastKnownFileType = sourcecode.c.objc; path = BAlertInfoView.m; sourceTree = "<group>"; };
		BA7D55331F348B9900401E5E /* BTextFieldController.h */ = {isa = PBXFileReference; fileEncoding = 4; lastKnownFileType = sourcecode.c.h; path = BTextFieldController.h; sourceTree = "<group>"; };
		BA7D55341F348B9900401E5E /* BTextFieldController.m */ = {isa = PBXFileReference; fileEncoding = 4; lastKnownFileType = sourcecode.c.objc; path = BTextFieldController.m; sourceTree = "<group>"; };
		BA7D55361F348B9900401E5E /* BTextFieldNumberController.h */ = {isa = PBXFileReference; fileEncoding = 4; lastKnownFileType = sourcecode.c.h; path = BTextFieldNumberController.h; sourceTree = "<group>"; };
		BA7D55371F348B9900401E5E /* BTextFieldNumberController.m */ = {isa = PBXFileReference; fileEncoding = 4; lastKnownFileType = sourcecode.c.objc; path = BTextFieldNumberController.m; sourceTree = "<group>"; };
		BA7D55391F348B9900401E5E /* UITextField+BTextFieldController.h */ = {isa = PBXFileReference; fileEncoding = 4; lastKnownFileType = sourcecode.c.h; name = "UITextField+BTextFieldController.h"; path = "../UITextField+BTextFieldController.h"; sourceTree = "<group>"; };
		BA7D553A1F348B9900401E5E /* UITextField+BTextFieldController.m */ = {isa = PBXFileReference; fileEncoding = 4; lastKnownFileType = sourcecode.c.objc; name = "UITextField+BTextFieldController.m"; path = "../UITextField+BTextFieldController.m"; sourceTree = "<group>"; };
		BA7D553B1F348B9900401E5E /* UITextField+RightAlignedNoSpaceFix.h */ = {isa = PBXFileReference; fileEncoding = 4; lastKnownFileType = sourcecode.c.h; name = "UITextField+RightAlignedNoSpaceFix.h"; path = "../UITextField+RightAlignedNoSpaceFix.h"; sourceTree = "<group>"; };
		BA7D553C1F348B9900401E5E /* UITextField+RightAlignedNoSpaceFix.m */ = {isa = PBXFileReference; fileEncoding = 4; lastKnownFileType = sourcecode.c.objc; name = "UITextField+RightAlignedNoSpaceFix.m"; path = "../UITextField+RightAlignedNoSpaceFix.m"; sourceTree = "<group>"; };
		BA7D554C1F348CA900401E5E /* BTKeyboardNotifier.h */ = {isa = PBXFileReference; fileEncoding = 4; lastKnownFileType = sourcecode.c.h; path = BTKeyboardNotifier.h; sourceTree = "<group>"; };
		BA7D554D1F348CA900401E5E /* BTKeyboardNotifier.m */ = {isa = PBXFileReference; fileEncoding = 4; lastKnownFileType = sourcecode.c.objc; path = BTKeyboardNotifier.m; sourceTree = "<group>"; };
		BA7D55551F348E3900401E5E /* BDateFormatter.h */ = {isa = PBXFileReference; fileEncoding = 4; lastKnownFileType = sourcecode.c.h; path = BDateFormatter.h; sourceTree = "<group>"; };
		BA7D55561F348E3900401E5E /* BDateFormatter.m */ = {isa = PBXFileReference; fileEncoding = 4; lastKnownFileType = sourcecode.c.objc; path = BDateFormatter.m; sourceTree = "<group>"; };
		BA7D55571F348E3900401E5E /* BNumberFormatter.h */ = {isa = PBXFileReference; fileEncoding = 4; lastKnownFileType = sourcecode.c.h; path = BNumberFormatter.h; sourceTree = "<group>"; };
		BA7D55581F348E3900401E5E /* BNumberFormatter.m */ = {isa = PBXFileReference; fileEncoding = 4; lastKnownFileType = sourcecode.c.objc; path = BNumberFormatter.m; sourceTree = "<group>"; };
		BA7D55591F348E3900401E5E /* NSDate+BFormatter.h */ = {isa = PBXFileReference; fileEncoding = 4; lastKnownFileType = sourcecode.c.h; name = "NSDate+BFormatter.h"; path = "../NSDate+BFormatter.h"; sourceTree = "<group>"; };
		BA7D555A1F348E3900401E5E /* NSDate+BFormatter.m */ = {isa = PBXFileReference; fileEncoding = 4; lastKnownFileType = sourcecode.c.objc; name = "NSDate+BFormatter.m"; path = "../NSDate+BFormatter.m"; sourceTree = "<group>"; };
		BA7D555B1F348E3900401E5E /* NSString+BFormatter.h */ = {isa = PBXFileReference; fileEncoding = 4; lastKnownFileType = sourcecode.c.h; name = "NSString+BFormatter.h"; path = "../NSString+BFormatter.h"; sourceTree = "<group>"; };
		BA7D555C1F348E3900401E5E /* NSString+BFormatter.m */ = {isa = PBXFileReference; fileEncoding = 4; lastKnownFileType = sourcecode.c.objc; name = "NSString+BFormatter.m"; path = "../NSString+BFormatter.m"; sourceTree = "<group>"; };
		BA7D55651F348E4E00401E5E /* NSError+BAppError.h */ = {isa = PBXFileReference; fileEncoding = 4; lastKnownFileType = sourcecode.c.h; path = "NSError+BAppError.h"; sourceTree = "<group>"; };
		BA7D55661F348E4E00401E5E /* NSError+BAppError.m */ = {isa = PBXFileReference; fileEncoding = 4; lastKnownFileType = sourcecode.c.objc; path = "NSError+BAppError.m"; sourceTree = "<group>"; };
		BA7D55671F348E4E00401E5E /* NSError+BAppFormatter.h */ = {isa = PBXFileReference; fileEncoding = 4; lastKnownFileType = sourcecode.c.h; name = "NSError+BAppFormatter.h"; path = "../NSError+BAppFormatter.h"; sourceTree = "<group>"; };
		BA7D55681F348E4E00401E5E /* NSError+BAppFormatter.m */ = {isa = PBXFileReference; fileEncoding = 4; lastKnownFileType = sourcecode.c.objc; name = "NSError+BAppFormatter.m"; path = "../NSError+BAppFormatter.m"; sourceTree = "<group>"; };
		BA7D55691F348E4E00401E5E /* NSError+BError.h */ = {isa = PBXFileReference; fileEncoding = 4; lastKnownFileType = sourcecode.c.h; path = "NSError+BError.h"; sourceTree = "<group>"; };
		BA7D556A1F348E4E00401E5E /* NSError+BError.m */ = {isa = PBXFileReference; fileEncoding = 4; lastKnownFileType = sourcecode.c.objc; path = "NSError+BError.m"; sourceTree = "<group>"; };
		BA7D55711F348E4E00401E5E /* NSError+BServerError.h */ = {isa = PBXFileReference; fileEncoding = 4; lastKnownFileType = sourcecode.c.h; path = "NSError+BServerError.h"; sourceTree = "<group>"; };
		BA7D55721F348E4E00401E5E /* NSError+BServerError.m */ = {isa = PBXFileReference; fileEncoding = 4; lastKnownFileType = sourcecode.c.objc; path = "NSError+BServerError.m"; sourceTree = "<group>"; };
		BA7D55751F348E4E00401E5E /* NSError+BWebViewError.h */ = {isa = PBXFileReference; fileEncoding = 4; lastKnownFileType = sourcecode.c.h; path = "NSError+BWebViewError.h"; sourceTree = "<group>"; };
		BA7D55761F348E4E00401E5E /* NSError+BWebViewError.m */ = {isa = PBXFileReference; fileEncoding = 4; lastKnownFileType = sourcecode.c.objc; path = "NSError+BWebViewError.m"; sourceTree = "<group>"; };
		BA7D55911F348E6200401E5E /* NSError+BFormatter.h */ = {isa = PBXFileReference; fileEncoding = 4; lastKnownFileType = sourcecode.c.h; path = "NSError+BFormatter.h"; sourceTree = "<group>"; };
		BA7D55921F348E6200401E5E /* NSError+BFormatter.m */ = {isa = PBXFileReference; fileEncoding = 4; lastKnownFileType = sourcecode.c.objc; path = "NSError+BFormatter.m"; sourceTree = "<group>"; };
		BA7D55991F348E6200401E5E /* NSError+BLoginFormatter.h */ = {isa = PBXFileReference; fileEncoding = 4; lastKnownFileType = sourcecode.c.h; path = "NSError+BLoginFormatter.h"; sourceTree = "<group>"; };
		BA7D559A1F348E6200401E5E /* NSError+BLoginFormatter.m */ = {isa = PBXFileReference; fileEncoding = 4; lastKnownFileType = sourcecode.c.objc; path = "NSError+BLoginFormatter.m"; sourceTree = "<group>"; };
		BA7D55A91F348E6200401E5E /* NSError+BRegisterFormatter.h */ = {isa = PBXFileReference; fileEncoding = 4; lastKnownFileType = sourcecode.c.h; path = "NSError+BRegisterFormatter.h"; sourceTree = "<group>"; };
		BA7D55AA1F348E6200401E5E /* NSError+BRegisterFormatter.m */ = {isa = PBXFileReference; fileEncoding = 4; lastKnownFileType = sourcecode.c.objc; path = "NSError+BRegisterFormatter.m"; sourceTree = "<group>"; };
		BA7D55E41F34922F00401E5E /* EXTKeyPathCoding.h */ = {isa = PBXFileReference; fileEncoding = 4; lastKnownFileType = sourcecode.c.h; path = EXTKeyPathCoding.h; sourceTree = "<group>"; };
		BA7D55E51F34922F00401E5E /* EXTRuntimeExtensions.h */ = {isa = PBXFileReference; fileEncoding = 4; lastKnownFileType = sourcecode.c.h; path = EXTRuntimeExtensions.h; sourceTree = "<group>"; };
		BA7D55E61F34922F00401E5E /* EXTRuntimeExtensions.m */ = {isa = PBXFileReference; fileEncoding = 4; lastKnownFileType = sourcecode.c.objc; path = EXTRuntimeExtensions.m; sourceTree = "<group>"; };
		BA7D55E71F34922F00401E5E /* EXTScope.h */ = {isa = PBXFileReference; fileEncoding = 4; lastKnownFileType = sourcecode.c.h; path = EXTScope.h; sourceTree = "<group>"; };
		BA7D55E81F34922F00401E5E /* EXTScope.m */ = {isa = PBXFileReference; fileEncoding = 4; lastKnownFileType = sourcecode.c.objc; path = EXTScope.m; sourceTree = "<group>"; };
		BA7D55E91F34922F00401E5E /* metamacros.h */ = {isa = PBXFileReference; fileEncoding = 4; lastKnownFileType = sourcecode.c.h; path = metamacros.h; sourceTree = "<group>"; };
		BA7D55EA1F34922F00401E5E /* Info.plist */ = {isa = PBXFileReference; fileEncoding = 4; lastKnownFileType = text.plist.xml; path = Info.plist; sourceTree = "<group>"; };
		BA7D55EB1F34922F00401E5E /* Mantle.h */ = {isa = PBXFileReference; fileEncoding = 4; lastKnownFileType = sourcecode.c.h; path = Mantle.h; sourceTree = "<group>"; };
		BA7D55EC1F34922F00401E5E /* MTLJSONAdapter.h */ = {isa = PBXFileReference; fileEncoding = 4; lastKnownFileType = sourcecode.c.h; path = MTLJSONAdapter.h; sourceTree = "<group>"; };
		BA7D55ED1F34922F00401E5E /* MTLJSONAdapter.m */ = {isa = PBXFileReference; fileEncoding = 4; lastKnownFileType = sourcecode.c.objc; path = MTLJSONAdapter.m; sourceTree = "<group>"; };
		BA7D55EE1F34922F00401E5E /* MTLModel.h */ = {isa = PBXFileReference; fileEncoding = 4; lastKnownFileType = sourcecode.c.h; path = MTLModel.h; sourceTree = "<group>"; };
		BA7D55EF1F34922F00401E5E /* MTLModel.m */ = {isa = PBXFileReference; fileEncoding = 4; lastKnownFileType = sourcecode.c.objc; path = MTLModel.m; sourceTree = "<group>"; };
		BA7D55F01F34922F00401E5E /* MTLModel+NSCoding.h */ = {isa = PBXFileReference; fileEncoding = 4; lastKnownFileType = sourcecode.c.h; path = "MTLModel+NSCoding.h"; sourceTree = "<group>"; };
		BA7D55F11F34922F00401E5E /* MTLModel+NSCoding.m */ = {isa = PBXFileReference; fileEncoding = 4; lastKnownFileType = sourcecode.c.objc; path = "MTLModel+NSCoding.m"; sourceTree = "<group>"; };
		BA7D55F21F34922F00401E5E /* MTLReflection.h */ = {isa = PBXFileReference; fileEncoding = 4; lastKnownFileType = sourcecode.c.h; path = MTLReflection.h; sourceTree = "<group>"; };
		BA7D55F31F34922F00401E5E /* MTLReflection.m */ = {isa = PBXFileReference; fileEncoding = 4; lastKnownFileType = sourcecode.c.objc; path = MTLReflection.m; sourceTree = "<group>"; };
		BA7D55F41F34922F00401E5E /* MTLTransformerErrorHandling.h */ = {isa = PBXFileReference; fileEncoding = 4; lastKnownFileType = sourcecode.c.h; path = MTLTransformerErrorHandling.h; sourceTree = "<group>"; };
		BA7D55F51F34922F00401E5E /* MTLTransformerErrorHandling.m */ = {isa = PBXFileReference; fileEncoding = 4; lastKnownFileType = sourcecode.c.objc; path = MTLTransformerErrorHandling.m; sourceTree = "<group>"; };
		BA7D55F61F34922F00401E5E /* MTLValueTransformer.h */ = {isa = PBXFileReference; fileEncoding = 4; lastKnownFileType = sourcecode.c.h; path = MTLValueTransformer.h; sourceTree = "<group>"; };
		BA7D55F71F34922F00401E5E /* MTLValueTransformer.m */ = {isa = PBXFileReference; fileEncoding = 4; lastKnownFileType = sourcecode.c.objc; path = MTLValueTransformer.m; sourceTree = "<group>"; };
		BA7D55F81F34922F00401E5E /* NSArray+MTLManipulationAdditions.h */ = {isa = PBXFileReference; fileEncoding = 4; lastKnownFileType = sourcecode.c.h; path = "NSArray+MTLManipulationAdditions.h"; sourceTree = "<group>"; };
		BA7D55F91F34922F00401E5E /* NSArray+MTLManipulationAdditions.m */ = {isa = PBXFileReference; fileEncoding = 4; lastKnownFileType = sourcecode.c.objc; path = "NSArray+MTLManipulationAdditions.m"; sourceTree = "<group>"; };
		BA7D55FA1F34922F00401E5E /* NSDictionary+MTLJSONKeyPath.h */ = {isa = PBXFileReference; fileEncoding = 4; lastKnownFileType = sourcecode.c.h; path = "NSDictionary+MTLJSONKeyPath.h"; sourceTree = "<group>"; };
		BA7D55FB1F34922F00401E5E /* NSDictionary+MTLJSONKeyPath.m */ = {isa = PBXFileReference; fileEncoding = 4; lastKnownFileType = sourcecode.c.objc; path = "NSDictionary+MTLJSONKeyPath.m"; sourceTree = "<group>"; };
		BA7D55FC1F34922F00401E5E /* NSDictionary+MTLManipulationAdditions.h */ = {isa = PBXFileReference; fileEncoding = 4; lastKnownFileType = sourcecode.c.h; path = "NSDictionary+MTLManipulationAdditions.h"; sourceTree = "<group>"; };
		BA7D55FD1F34922F00401E5E /* NSDictionary+MTLManipulationAdditions.m */ = {isa = PBXFileReference; fileEncoding = 4; lastKnownFileType = sourcecode.c.objc; path = "NSDictionary+MTLManipulationAdditions.m"; sourceTree = "<group>"; };
		BA7D55FE1F34922F00401E5E /* NSDictionary+MTLMappingAdditions.h */ = {isa = PBXFileReference; fileEncoding = 4; lastKnownFileType = sourcecode.c.h; path = "NSDictionary+MTLMappingAdditions.h"; sourceTree = "<group>"; };
		BA7D55FF1F34922F00401E5E /* NSDictionary+MTLMappingAdditions.m */ = {isa = PBXFileReference; fileEncoding = 4; lastKnownFileType = sourcecode.c.objc; path = "NSDictionary+MTLMappingAdditions.m"; sourceTree = "<group>"; };
		BA7D56001F34922F00401E5E /* NSError+MTLModelException.h */ = {isa = PBXFileReference; fileEncoding = 4; lastKnownFileType = sourcecode.c.h; path = "NSError+MTLModelException.h"; sourceTree = "<group>"; };
		BA7D56011F34922F00401E5E /* NSError+MTLModelException.m */ = {isa = PBXFileReference; fileEncoding = 4; lastKnownFileType = sourcecode.c.objc; path = "NSError+MTLModelException.m"; sourceTree = "<group>"; };
		BA7D56021F34922F00401E5E /* NSObject+MTLComparisonAdditions.h */ = {isa = PBXFileReference; fileEncoding = 4; lastKnownFileType = sourcecode.c.h; path = "NSObject+MTLComparisonAdditions.h"; sourceTree = "<group>"; };
		BA7D56031F34922F00401E5E /* NSObject+MTLComparisonAdditions.m */ = {isa = PBXFileReference; fileEncoding = 4; lastKnownFileType = sourcecode.c.objc; path = "NSObject+MTLComparisonAdditions.m"; sourceTree = "<group>"; };
		BA7D56041F34922F00401E5E /* NSValueTransformer+MTLInversionAdditions.h */ = {isa = PBXFileReference; fileEncoding = 4; lastKnownFileType = sourcecode.c.h; path = "NSValueTransformer+MTLInversionAdditions.h"; sourceTree = "<group>"; };
		BA7D56051F34922F00401E5E /* NSValueTransformer+MTLInversionAdditions.m */ = {isa = PBXFileReference; fileEncoding = 4; lastKnownFileType = sourcecode.c.objc; path = "NSValueTransformer+MTLInversionAdditions.m"; sourceTree = "<group>"; };
		BA7D56061F34922F00401E5E /* NSValueTransformer+MTLPredefinedTransformerAdditions.h */ = {isa = PBXFileReference; fileEncoding = 4; lastKnownFileType = sourcecode.c.h; path = "NSValueTransformer+MTLPredefinedTransformerAdditions.h"; sourceTree = "<group>"; };
		BA7D56071F34922F00401E5E /* NSValueTransformer+MTLPredefinedTransformerAdditions.m */ = {isa = PBXFileReference; fileEncoding = 4; lastKnownFileType = sourcecode.c.objc; path = "NSValueTransformer+MTLPredefinedTransformerAdditions.m"; sourceTree = "<group>"; };
		BA8A597E1F3328C800F8E474 /* Base EN.app */ = {isa = PBXFileReference; explicitFileType = wrapper.application; includeInIndex = 0; path = "Base EN.app"; sourceTree = BUILT_PRODUCTS_DIR; };
		BA8A59821F3328C800F8E474 /* main.m */ = {isa = PBXFileReference; lastKnownFileType = sourcecode.c.objc; path = main.m; sourceTree = "<group>"; };
		BA8A59841F3328C800F8E474 /* AppDelegate.h */ = {isa = PBXFileReference; lastKnownFileType = sourcecode.c.h; path = AppDelegate.h; sourceTree = "<group>"; };
		BA8A59851F3328C800F8E474 /* AppDelegate.m */ = {isa = PBXFileReference; lastKnownFileType = sourcecode.c.objc; path = AppDelegate.m; sourceTree = "<group>"; };
		BA8A59871F3328C800F8E474 /* ViewController.h */ = {isa = PBXFileReference; lastKnownFileType = sourcecode.c.h; path = ViewController.h; sourceTree = "<group>"; };
		BA8A59881F3328C800F8E474 /* ViewController.m */ = {isa = PBXFileReference; lastKnownFileType = sourcecode.c.objc; path = ViewController.m; sourceTree = "<group>"; };
		BA8A598D1F3328C800F8E474 /* SharedAssets.xcassets */ = {isa = PBXFileReference; lastKnownFileType = folder.assetcatalog; path = SharedAssets.xcassets; sourceTree = "<group>"; };
		BA8A59921F3328C800F8E474 /* Info.plist */ = {isa = PBXFileReference; lastKnownFileType = text.plist.xml; path = Info.plist; sourceTree = "<group>"; };
		BA8A59971F3328C800F8E474 /* ObjectiveCBaseApplicationTests.xctest */ = {isa = PBXFileReference; explicitFileType = wrapper.cfbundle; includeInIndex = 0; path = ObjectiveCBaseApplicationTests.xctest; sourceTree = BUILT_PRODUCTS_DIR; };
		BA8A599B1F3328C800F8E474 /* ObjectiveCBaseApplicationTests.m */ = {isa = PBXFileReference; lastKnownFileType = sourcecode.c.objc; path = ObjectiveCBaseApplicationTests.m; sourceTree = "<group>"; };
		BA8A599D1F3328C800F8E474 /* Info.plist */ = {isa = PBXFileReference; lastKnownFileType = text.plist.xml; path = Info.plist; sourceTree = "<group>"; };
		BA8A59A21F3328C800F8E474 /* ObjectiveCBaseApplicationUITests.xctest */ = {isa = PBXFileReference; explicitFileType = wrapper.cfbundle; includeInIndex = 0; path = ObjectiveCBaseApplicationUITests.xctest; sourceTree = BUILT_PRODUCTS_DIR; };
		BA8A59A61F3328C800F8E474 /* ObjectiveCBaseApplicationUITests.m */ = {isa = PBXFileReference; lastKnownFileType = sourcecode.c.objc; path = ObjectiveCBaseApplicationUITests.m; sourceTree = "<group>"; };
		BA8A59A81F3328C800F8E474 /* Info.plist */ = {isa = PBXFileReference; lastKnownFileType = text.plist.xml; path = Info.plist; sourceTree = "<group>"; };
		E73CB608CBD6D9D9FFE1805A /* Pods-BasePods-Base VN.release.xcconfig */ = {isa = PBXFileReference; includeInIndex = 1; lastKnownFileType = text.xcconfig; name = "Pods-BasePods-Base VN.release.xcconfig"; path = "Pods/Target Support Files/Pods-BasePods-Base VN/Pods-BasePods-Base VN.release.xcconfig"; sourceTree = "<group>"; };
/* End PBXFileReference section */

/* Begin PBXFrameworksBuildPhase section */
		BA7D54981F34284100401E5E /* Frameworks */ = {
			isa = PBXFrameworksBuildPhase;
			buildActionMask = 2147483647;
			files = (
				BEE5B234748D2DA382767D44 /* libPods-BasePods-Base VN.a in Frameworks */,
			);
			runOnlyForDeploymentPostprocessing = 0;
		};
		BA8A597B1F3328C800F8E474 /* Frameworks */ = {
			isa = PBXFrameworksBuildPhase;
			buildActionMask = 2147483647;
			files = (
				F4C900D1FC16FFC727A9BF0A /* libPods-BasePods-Base EN.a in Frameworks */,
			);
			runOnlyForDeploymentPostprocessing = 0;
		};
		BA8A59941F3328C800F8E474 /* Frameworks */ = {
			isa = PBXFrameworksBuildPhase;
			buildActionMask = 2147483647;
			files = (
			);
			runOnlyForDeploymentPostprocessing = 0;
		};
		BA8A599F1F3328C800F8E474 /* Frameworks */ = {
			isa = PBXFrameworksBuildPhase;
			buildActionMask = 2147483647;
			files = (
			);
			runOnlyForDeploymentPostprocessing = 0;
		};
/* End PBXFrameworksBuildPhase section */

/* Begin PBXGroup section */
		12B962894296D706CE1ECB33 /* Frameworks */ = {
			isa = PBXGroup;
			children = (
				64A5478175C43A8A3FD48CF7 /* libPods-BasePods-Base EN.a */,
				40BE04A7AEE1D221AF574443 /* libPods-BasePods-Base VN.a */,
			);
			name = Frameworks;
			sourceTree = "<group>";
		};
		ADC2AFD2EDF8466F1F162E0E /* Pods */ = {
			isa = PBXGroup;
			children = (
				A4C25FCA1521C4E9C5A4AB07 /* Pods-BasePods-Base EN.debug.xcconfig */,
				38D08F05871A34456ACE69CA /* Pods-BasePods-Base EN.release.xcconfig */,
				8200F41C4CC12FEDC6AAD3E5 /* Pods-BasePods-Base VN.debug.xcconfig */,
				E73CB608CBD6D9D9FFE1805A /* Pods-BasePods-Base VN.release.xcconfig */,
			);
			name = Pods;
			sourceTree = "<group>";
		};
		BA7D54861F341FA100401E5E /* Base */ = {
			isa = PBXGroup;
			children = (
				BA7D55521F348E2900401E5E /* Errors */,
				BA7D55541F348E2900401E5E /* Formatters */,
				BA7D55491F348C7F00401E5E /* Libs */,
				BA7D54DE1F34346100401E5E /* Country Logic */,
				BA7D54D51F3431C000401E5E /* Supporting */,
				BA7D54A01F342EFE00401E5E /* Views */,
				BA7D548A1F3423BB00401E5E /* Categories */,
				BA7D54871F341FB900401E5E /* BTheme.h */,
				BA7D54881F341FB900401E5E /* BTheme.m */,
				BA7D54CF1F34308000401E5E /* BScale.h */,
				BA7D54D01F34308000401E5E /* BScale.m */,
				BA7D54D61F3431DF00401E5E /* BLog.h */,
				BA7D54D71F3431DF00401E5E /* BLog.m */,
				BA7D54DA1F3431ED00401E5E /* BLang.h */,
				BA7D54DB1F3431ED00401E5E /* BLang.m */,
			);
			path = Base;
			sourceTree = "<group>";
		};
		BA7D548A1F3423BB00401E5E /* Categories */ = {
			isa = PBXGroup;
			children = (
				BA7D55121F3487A600401E5E /* UIView+BAutolayout.h */,
				BA7D55131F3487A600401E5E /* UIView+BAutolayout.m */,
				BA7D548E1F3424E900401E5E /* UIColor+BAdditions.h */,
				BA7D548F1F3424E900401E5E /* UIColor+BAdditions.m */,
			);
			path = Categories;
			sourceTree = "<group>";
		};
		BA7D54A01F342EFE00401E5E /* Views */ = {
			isa = PBXGroup;
			children = (
				BA7D54A11F342F8500401E5E /* Alert */,
				BA7D54A21F342F8500401E5E /* Banner */,
				BA7D54A31F342F8500401E5E /* Button */,
				BA7D54A41F342F8500401E5E /* Element */,
				BA7D54A51F342F8500401E5E /* HUD */,
				BA7D54A61F342F8500401E5E /* TextField */,
			);
			path = Views;
			sourceTree = "<group>";
		};
		BA7D54A11F342F8500401E5E /* Alert */ = {
			isa = PBXGroup;
			children = (
				BA7D55501F348D3100401E5E /* Categories */,
				BA7D551F1F348B8100401E5E /* BAlertAnimator.h */,
				BA7D55201F348B8100401E5E /* BAlertAnimator.m */,
				BA7D55211F348B8100401E5E /* BAlertController.h */,
				BA7D55221F348B8100401E5E /* BAlertController.m */,
				BA7D55271F348B8100401E5E /* BAlertInfoView.h */,
				BA7D55281F348B8100401E5E /* BAlertInfoView.m */,
			);
			path = Alert;
			sourceTree = "<group>";
		};
		BA7D54A21F342F8500401E5E /* Banner */ = {
			isa = PBXGroup;
			children = (
			);
			path = Banner;
			sourceTree = "<group>";
		};
		BA7D54A31F342F8500401E5E /* Button */ = {
			isa = PBXGroup;
			children = (
				BA7D54FA1F34855400401E5E /* BSaleSelectButtonItem.h */,
				BA7D54FB1F34855400401E5E /* BSaleSelectButtonItem.m */,
				BA7D54F61F34850600401E5E /* BSaleSelectButton.h */,
				BA7D54F71F34850600401E5E /* BSaleSelectButton.m */,
				BA7D54A91F342FCB00401E5E /* BArrowButton.h */,
				BA7D54AA1F342FCB00401E5E /* BArrowButton.m */,
				BA7D54AB1F342FCB00401E5E /* BButton.h */,
				BA7D54AC1F342FCB00401E5E /* BButton.m */,
				BA7D54AD1F342FCB00401E5E /* BClearButton.h */,
				BA7D54AE1F342FCB00401E5E /* BClearButton.m */,
				BA7D54AF1F342FCB00401E5E /* BHorizontalButtonItem.h */,
				BA7D54B01F342FCB00401E5E /* BHorizontalButtonItem.m */,
				BA7D54B41F342FCB00401E5E /* BSelectButton.h */,
				BA7D54B51F342FCB00401E5E /* BSelectButton.m */,
				BA7D54B61F342FCB00401E5E /* BSelectDropdownButton.h */,
				BA7D54B71F342FCB00401E5E /* BSelectDropdownButton.m */,
				BA7D54B81F342FCB00401E5E /* BSolidButton.h */,
				BA7D54B91F342FCB00401E5E /* BSolidButton.m */,
			);
			path = Button;
			sourceTree = "<group>";
		};
		BA7D54A41F342F8500401E5E /* Element */ = {
			isa = PBXGroup;
			children = (
			);
			path = Element;
			sourceTree = "<group>";
		};
		BA7D54A51F342F8500401E5E /* HUD */ = {
			isa = PBXGroup;
			children = (
				BA7D54FE1F3485F900401E5E /* BBaseHUD.h */,
				BA7D54FF1F3485F900401E5E /* BBaseHUD.m */,
				BA7D55001F3485F900401E5E /* BErrorHUD.h */,
				BA7D55011F3485F900401E5E /* BErrorHUD.m */,
				BA7D55021F3485F900401E5E /* BLoadingHUD.h */,
				BA7D55031F3485F900401E5E /* BLoadingHUD.m */,
				BA7D55041F3485F900401E5E /* BSuccessHUD.h */,
				BA7D55051F3485F900401E5E /* BSuccessHUD.m */,
				BA7D55061F3485F900401E5E /* BSuccessIconHUD.h */,
				BA7D55071F3485F900401E5E /* BSuccessIconHUD.m */,
			);
			path = HUD;
			sourceTree = "<group>";
		};
		BA7D54A61F342F8500401E5E /* TextField */ = {
			isa = PBXGroup;
			children = (
				BA7D55511F348DC200401E5E /* Categories */,
				BA7D55331F348B9900401E5E /* BTextFieldController.h */,
				BA7D55341F348B9900401E5E /* BTextFieldController.m */,
				BA7D55361F348B9900401E5E /* BTextFieldNumberController.h */,
				BA7D55371F348B9900401E5E /* BTextFieldNumberController.m */,
			);
			path = TextField;
			sourceTree = "<group>";
		};
		BA7D54D51F3431C000401E5E /* Supporting */ = {
			isa = PBXGroup;
			children = (
				BA7D54F41F346AD300401E5E /* Base EN-Bridging-Header.h */,
				BA7D54F51F346AD300401E5E /* Base VN-Bridging-Header.h */,
				BA7D54F31F34695F00401E5E /* Base-Prefix.pch */,
			);
			path = Supporting;
			sourceTree = "<group>";
		};
		BA7D54DE1F34346100401E5E /* Country Logic */ = {
			isa = PBXGroup;
			children = (
				BA7D54DF1F34349C00401E5E /* BCountryLogicProtocol.h */,
				BA7D54E31F3434EA00401E5E /* BCountryLogic.h */,
				BA7D54E41F3434EA00401E5E /* BCountryLogic.m */,
				BA7D54E71F3435E400401E5E /* BVietnamLogic.h */,
				BA7D54E81F3435E400401E5E /* BVietnamLogic.m */,
				BA7D54EB1F3435FC00401E5E /* BGeneralLogic.h */,
				BA7D54EC1F3435FC00401E5E /* BGeneralLogic.m */,
				BA7D54EF1F3437AA00401E5E /* BCountryLogicAppConfigProtocol.h */,
			);
			path = "Country Logic";
			sourceTree = "<group>";
		};
		BA7D55161F348A8C00401E5E /* Localized Res */ = {
			isa = PBXGroup;
			children = (
				BA7D55171F348A8C00401E5E /* EN */,
				BA7D55181F348A8C00401E5E /* VN */,
			);
			path = "Localized Res";
			sourceTree = "<group>";
		};
		BA7D55171F348A8C00401E5E /* EN */ = {
			isa = PBXGroup;
			children = (
				BA7D551C1F348ACE00401E5E /* ImagesEN.xcassets */,
			);
			path = EN;
			sourceTree = "<group>";
		};
		BA7D55181F348A8C00401E5E /* VN */ = {
			isa = PBXGroup;
			children = (
				BA7D55191F348AC100401E5E /* ImagesVN.xcassets */,
			);
			path = VN;
			sourceTree = "<group>";
		};
		BA7D55491F348C7F00401E5E /* Libs */ = {
			isa = PBXGroup;
			children = (
				BA7D55E21F34920B00401E5E /* Mantle */,
				BA7D554B1F348C9D00401E5E /* BTFoundation */,
			);
			path = Libs;
			sourceTree = "<group>";
		};
		BA7D554B1F348C9D00401E5E /* BTFoundation */ = {
			isa = PBXGroup;
			children = (
				BA7D554C1F348CA900401E5E /* BTKeyboardNotifier.h */,
				BA7D554D1F348CA900401E5E /* BTKeyboardNotifier.m */,
			);
			path = BTFoundation;
			sourceTree = "<group>";
		};
		BA7D55501F348D3100401E5E /* Categories */ = {
			isa = PBXGroup;
			children = (
				BA7D55231F348B8100401E5E /* BAlertController+BSettings.h */,
				BA7D55241F348B8100401E5E /* BAlertController+BSettings.m */,
				BA7D55251F348B8100401E5E /* BAlertController+InfoView.h */,
				BA7D55261F348B8100401E5E /* BAlertController+InfoView.m */,
			);
			path = Categories;
			sourceTree = "<group>";
		};
		BA7D55511F348DC200401E5E /* Categories */ = {
			isa = PBXGroup;
			children = (
				BA7D55391F348B9900401E5E /* UITextField+BTextFieldController.h */,
				BA7D553A1F348B9900401E5E /* UITextField+BTextFieldController.m */,
				BA7D553B1F348B9900401E5E /* UITextField+RightAlignedNoSpaceFix.h */,
				BA7D553C1F348B9900401E5E /* UITextField+RightAlignedNoSpaceFix.m */,
			);
			path = Categories;
			sourceTree = "<group>";
		};
		BA7D55521F348E2900401E5E /* Errors */ = {
			isa = PBXGroup;
			children = (
				BA7D55531F348E2900401E5E /* Formatters */,
				BA7D55651F348E4E00401E5E /* NSError+BAppError.h */,
				BA7D55661F348E4E00401E5E /* NSError+BAppError.m */,
				BA7D55691F348E4E00401E5E /* NSError+BError.h */,
				BA7D556A1F348E4E00401E5E /* NSError+BError.m */,
				BA7D55711F348E4E00401E5E /* NSError+BServerError.h */,
				BA7D55721F348E4E00401E5E /* NSError+BServerError.m */,
				BA7D55751F348E4E00401E5E /* NSError+BWebViewError.h */,
				BA7D55761F348E4E00401E5E /* NSError+BWebViewError.m */,
			);
			path = Errors;
			sourceTree = "<group>";
		};
		BA7D55531F348E2900401E5E /* Formatters */ = {
			isa = PBXGroup;
			children = (
				BA7D55671F348E4E00401E5E /* NSError+BAppFormatter.h */,
				BA7D55681F348E4E00401E5E /* NSError+BAppFormatter.m */,
				BA7D55911F348E6200401E5E /* NSError+BFormatter.h */,
				BA7D55921F348E6200401E5E /* NSError+BFormatter.m */,
				BA7D55991F348E6200401E5E /* NSError+BLoginFormatter.h */,
				BA7D559A1F348E6200401E5E /* NSError+BLoginFormatter.m */,
				BA7D55A91F348E6200401E5E /* NSError+BRegisterFormatter.h */,
				BA7D55AA1F348E6200401E5E /* NSError+BRegisterFormatter.m */,
			);
			path = Formatters;
			sourceTree = "<group>";
		};
		BA7D55541F348E2900401E5E /* Formatters */ = {
			isa = PBXGroup;
			children = (
				BA7D55E11F348EE500401E5E /* Categories */,
				BA7D55551F348E3900401E5E /* BDateFormatter.h */,
				BA7D55561F348E3900401E5E /* BDateFormatter.m */,
				BA7D55571F348E3900401E5E /* BNumberFormatter.h */,
				BA7D55581F348E3900401E5E /* BNumberFormatter.m */,
			);
			path = Formatters;
			sourceTree = "<group>";
		};
		BA7D55E11F348EE500401E5E /* Categories */ = {
			isa = PBXGroup;
			children = (
				BA7D55591F348E3900401E5E /* NSDate+BFormatter.h */,
				BA7D555A1F348E3900401E5E /* NSDate+BFormatter.m */,
				BA7D555B1F348E3900401E5E /* NSString+BFormatter.h */,
				BA7D555C1F348E3900401E5E /* NSString+BFormatter.m */,
			);
			path = Categories;
			sourceTree = "<group>";
		};
		BA7D55E21F34920B00401E5E /* Mantle */ = {
			isa = PBXGroup;
			children = (
				BA7D55E31F34922F00401E5E /* extobjc */,
				BA7D55EA1F34922F00401E5E /* Info.plist */,
				BA7D55EB1F34922F00401E5E /* Mantle.h */,
				BA7D55EC1F34922F00401E5E /* MTLJSONAdapter.h */,
				BA7D55ED1F34922F00401E5E /* MTLJSONAdapter.m */,
				BA7D55EE1F34922F00401E5E /* MTLModel.h */,
				BA7D55EF1F34922F00401E5E /* MTLModel.m */,
				BA7D55F01F34922F00401E5E /* MTLModel+NSCoding.h */,
				BA7D55F11F34922F00401E5E /* MTLModel+NSCoding.m */,
				BA7D55F21F34922F00401E5E /* MTLReflection.h */,
				BA7D55F31F34922F00401E5E /* MTLReflection.m */,
				BA7D55F41F34922F00401E5E /* MTLTransformerErrorHandling.h */,
				BA7D55F51F34922F00401E5E /* MTLTransformerErrorHandling.m */,
				BA7D55F61F34922F00401E5E /* MTLValueTransformer.h */,
				BA7D55F71F34922F00401E5E /* MTLValueTransformer.m */,
				BA7D55F81F34922F00401E5E /* NSArray+MTLManipulationAdditions.h */,
				BA7D55F91F34922F00401E5E /* NSArray+MTLManipulationAdditions.m */,
				BA7D55FA1F34922F00401E5E /* NSDictionary+MTLJSONKeyPath.h */,
				BA7D55FB1F34922F00401E5E /* NSDictionary+MTLJSONKeyPath.m */,
				BA7D55FC1F34922F00401E5E /* NSDictionary+MTLManipulationAdditions.h */,
				BA7D55FD1F34922F00401E5E /* NSDictionary+MTLManipulationAdditions.m */,
				BA7D55FE1F34922F00401E5E /* NSDictionary+MTLMappingAdditions.h */,
				BA7D55FF1F34922F00401E5E /* NSDictionary+MTLMappingAdditions.m */,
				BA7D56001F34922F00401E5E /* NSError+MTLModelException.h */,
				BA7D56011F34922F00401E5E /* NSError+MTLModelException.m */,
				BA7D56021F34922F00401E5E /* NSObject+MTLComparisonAdditions.h */,
				BA7D56031F34922F00401E5E /* NSObject+MTLComparisonAdditions.m */,
				BA7D56041F34922F00401E5E /* NSValueTransformer+MTLInversionAdditions.h */,
				BA7D56051F34922F00401E5E /* NSValueTransformer+MTLInversionAdditions.m */,
				BA7D56061F34922F00401E5E /* NSValueTransformer+MTLPredefinedTransformerAdditions.h */,
				BA7D56071F34922F00401E5E /* NSValueTransformer+MTLPredefinedTransformerAdditions.m */,
			);
			path = Mantle;
			sourceTree = "<group>";
		};
		BA7D55E31F34922F00401E5E /* extobjc */ = {
			isa = PBXGroup;
			children = (
				BA7D55E41F34922F00401E5E /* EXTKeyPathCoding.h */,
				BA7D55E51F34922F00401E5E /* EXTRuntimeExtensions.h */,
				BA7D55E61F34922F00401E5E /* EXTRuntimeExtensions.m */,
				BA7D55E71F34922F00401E5E /* EXTScope.h */,
				BA7D55E81F34922F00401E5E /* EXTScope.m */,
				BA7D55E91F34922F00401E5E /* metamacros.h */,
			);
			path = extobjc;
			sourceTree = "<group>";
		};
		BA8A59751F3328C800F8E474 = {
			isa = PBXGroup;
			children = (
				BA8A59801F3328C800F8E474 /* ObjectiveCBaseApplication */,
				BA8A599A1F3328C800F8E474 /* ObjectiveCBaseApplicationTests */,
				BA8A59A51F3328C800F8E474 /* ObjectiveCBaseApplicationUITests */,
				BA8A597F1F3328C800F8E474 /* Products */,
				BA7D549F1F34284200401E5E /* ObjectiveCBaseApplication copy-Info.plist */,
				ADC2AFD2EDF8466F1F162E0E /* Pods */,
				12B962894296D706CE1ECB33 /* Frameworks */,
			);
			sourceTree = "<group>";
		};
		BA8A597F1F3328C800F8E474 /* Products */ = {
			isa = PBXGroup;
			children = (
				BA8A597E1F3328C800F8E474 /* Base EN.app */,
				BA8A59971F3328C800F8E474 /* ObjectiveCBaseApplicationTests.xctest */,
				BA8A59A21F3328C800F8E474 /* ObjectiveCBaseApplicationUITests.xctest */,
				BA7D549E1F34284100401E5E /* Base VN.app */,
			);
			name = Products;
			sourceTree = "<group>";
		};
		BA8A59801F3328C800F8E474 /* ObjectiveCBaseApplication */ = {
			isa = PBXGroup;
			children = (
				BA7D54861F341FA100401E5E /* Base */,
				BA7D55161F348A8C00401E5E /* Localized Res */,
				BA8A59841F3328C800F8E474 /* AppDelegate.h */,
				BA8A59851F3328C800F8E474 /* AppDelegate.m */,
				BA8A59871F3328C800F8E474 /* ViewController.h */,
				BA8A59881F3328C800F8E474 /* ViewController.m */,
				BA8A598D1F3328C800F8E474 /* SharedAssets.xcassets */,
				BA8A59921F3328C800F8E474 /* Info.plist */,
				BA8A59811F3328C800F8E474 /* Supporting Files */,
			);
			path = ObjectiveCBaseApplication;
			sourceTree = "<group>";
		};
		BA8A59811F3328C800F8E474 /* Supporting Files */ = {
			isa = PBXGroup;
			children = (
				BA8A59821F3328C800F8E474 /* main.m */,
			);
			name = "Supporting Files";
			sourceTree = "<group>";
		};
		BA8A599A1F3328C800F8E474 /* ObjectiveCBaseApplicationTests */ = {
			isa = PBXGroup;
			children = (
				BA8A599B1F3328C800F8E474 /* ObjectiveCBaseApplicationTests.m */,
				BA8A599D1F3328C800F8E474 /* Info.plist */,
			);
			path = ObjectiveCBaseApplicationTests;
			sourceTree = "<group>";
		};
		BA8A59A51F3328C800F8E474 /* ObjectiveCBaseApplicationUITests */ = {
			isa = PBXGroup;
			children = (
				BA8A59A61F3328C800F8E474 /* ObjectiveCBaseApplicationUITests.m */,
				BA8A59A81F3328C800F8E474 /* Info.plist */,
			);
			path = ObjectiveCBaseApplicationUITests;
			sourceTree = "<group>";
		};
/* End PBXGroup section */

/* Begin PBXNativeTarget section */
		BA7D54911F34284100401E5E /* Base VN */ = {
			isa = PBXNativeTarget;
			buildConfigurationList = BA7D549B1F34284100401E5E /* Build configuration list for PBXNativeTarget "Base VN" */;
			buildPhases = (
				55D47F24DBF825AF3E402E7D /* [CP] Check Pods Manifest.lock */,
				BA7D54921F34284100401E5E /* Sources */,
				BA7D54981F34284100401E5E /* Frameworks */,
				BA7D54991F34284100401E5E /* Resources */,
				3701932D68002A13E831AC31 /* [CP] Embed Pods Frameworks */,
				2FC33221F0F955CCFB889530 /* [CP] Copy Pods Resources */,
			);
			buildRules = (
			);
			dependencies = (
			);
			name = "Base VN";
			productName = ObjectiveCBaseApplication;
			productReference = BA7D549E1F34284100401E5E /* Base VN.app */;
			productType = "com.apple.product-type.application";
		};
		BA8A597D1F3328C800F8E474 /* Base EN */ = {
			isa = PBXNativeTarget;
			buildConfigurationList = BA8A59AB1F3328C800F8E474 /* Build configuration list for PBXNativeTarget "Base EN" */;
			buildPhases = (
				397910ACE8920BD16F060168 /* [CP] Check Pods Manifest.lock */,
				BA8A597A1F3328C800F8E474 /* Sources */,
				BA8A597B1F3328C800F8E474 /* Frameworks */,
				BA8A597C1F3328C800F8E474 /* Resources */,
				B39E31C550025550E986F2C0 /* [CP] Embed Pods Frameworks */,
				CD63A465FE0B14B30D953D3D /* [CP] Copy Pods Resources */,
			);
			buildRules = (
			);
			dependencies = (
			);
			name = "Base EN";
			productName = ObjectiveCBaseApplication;
			productReference = BA8A597E1F3328C800F8E474 /* Base EN.app */;
			productType = "com.apple.product-type.application";
		};
		BA8A59961F3328C800F8E474 /* ObjectiveCBaseApplicationTests */ = {
			isa = PBXNativeTarget;
			buildConfigurationList = BA8A59AE1F3328C800F8E474 /* Build configuration list for PBXNativeTarget "ObjectiveCBaseApplicationTests" */;
			buildPhases = (
				BA8A59931F3328C800F8E474 /* Sources */,
				BA8A59941F3328C800F8E474 /* Frameworks */,
				BA8A59951F3328C800F8E474 /* Resources */,
			);
			buildRules = (
			);
			dependencies = (
				BA8A59991F3328C800F8E474 /* PBXTargetDependency */,
			);
			name = ObjectiveCBaseApplicationTests;
			productName = ObjectiveCBaseApplicationTests;
			productReference = BA8A59971F3328C800F8E474 /* ObjectiveCBaseApplicationTests.xctest */;
			productType = "com.apple.product-type.bundle.unit-test";
		};
		BA8A59A11F3328C800F8E474 /* ObjectiveCBaseApplicationUITests */ = {
			isa = PBXNativeTarget;
			buildConfigurationList = BA8A59B11F3328C800F8E474 /* Build configuration list for PBXNativeTarget "ObjectiveCBaseApplicationUITests" */;
			buildPhases = (
				BA8A599E1F3328C800F8E474 /* Sources */,
				BA8A599F1F3328C800F8E474 /* Frameworks */,
				BA8A59A01F3328C800F8E474 /* Resources */,
			);
			buildRules = (
			);
			dependencies = (
				BA8A59A41F3328C800F8E474 /* PBXTargetDependency */,
			);
			name = ObjectiveCBaseApplicationUITests;
			productName = ObjectiveCBaseApplicationUITests;
			productReference = BA8A59A21F3328C800F8E474 /* ObjectiveCBaseApplicationUITests.xctest */;
			productType = "com.apple.product-type.bundle.ui-testing";
		};
/* End PBXNativeTarget section */

/* Begin PBXProject section */
		BA8A59761F3328C800F8E474 /* Project object */ = {
			isa = PBXProject;
			attributes = {
				LastUpgradeCheck = 0730;
				ORGANIZATIONNAME = smvn;
				TargetAttributes = {
					BA8A597D1F3328C800F8E474 = {
						CreatedOnToolsVersion = 7.3;
					};
					BA8A59961F3328C800F8E474 = {
						CreatedOnToolsVersion = 7.3;
						TestTargetID = BA8A597D1F3328C800F8E474;
					};
					BA8A59A11F3328C800F8E474 = {
						CreatedOnToolsVersion = 7.3;
						TestTargetID = BA8A597D1F3328C800F8E474;
					};
				};
			};
			buildConfigurationList = BA8A59791F3328C800F8E474 /* Build configuration list for PBXProject "ObjectiveCBaseApplication" */;
			compatibilityVersion = "Xcode 3.2";
			developmentRegion = English;
			hasScannedForEncodings = 0;
			knownRegions = (
				en,
				Base,
			);
			mainGroup = BA8A59751F3328C800F8E474;
			productRefGroup = BA8A597F1F3328C800F8E474 /* Products */;
			projectDirPath = "";
			projectRoot = "";
			targets = (
				BA8A597D1F3328C800F8E474 /* Base EN */,
				BA7D54911F34284100401E5E /* Base VN */,
				BA8A59961F3328C800F8E474 /* ObjectiveCBaseApplicationTests */,
				BA8A59A11F3328C800F8E474 /* ObjectiveCBaseApplicationUITests */,
			);
		};
/* End PBXProject section */

/* Begin PBXResourcesBuildPhase section */
		BA7D54991F34284100401E5E /* Resources */ = {
			isa = PBXResourcesBuildPhase;
			buildActionMask = 2147483647;
			files = (
				BA7D549A1F34284100401E5E /* SharedAssets.xcassets in Resources */,
				BA7D551B1F348AC100401E5E /* ImagesVN.xcassets in Resources */,
				BA7D560D1F34922F00401E5E /* Info.plist in Resources */,
			);
			runOnlyForDeploymentPostprocessing = 0;
		};
		BA8A597C1F3328C800F8E474 /* Resources */ = {
			isa = PBXResourcesBuildPhase;
			buildActionMask = 2147483647;
			files = (
				BA7D551D1F348ACE00401E5E /* ImagesEN.xcassets in Resources */,
				BA8A598E1F3328C800F8E474 /* SharedAssets.xcassets in Resources */,
				BA7D560C1F34922F00401E5E /* Info.plist in Resources */,
			);
			runOnlyForDeploymentPostprocessing = 0;
		};
		BA8A59951F3328C800F8E474 /* Resources */ = {
			isa = PBXResourcesBuildPhase;
			buildActionMask = 2147483647;
			files = (
			);
			runOnlyForDeploymentPostprocessing = 0;
		};
		BA8A59A01F3328C800F8E474 /* Resources */ = {
			isa = PBXResourcesBuildPhase;
			buildActionMask = 2147483647;
			files = (
			);
			runOnlyForDeploymentPostprocessing = 0;
		};
/* End PBXResourcesBuildPhase section */

/* Begin PBXShellScriptBuildPhase section */
		2FC33221F0F955CCFB889530 /* [CP] Copy Pods Resources */ = {
			isa = PBXShellScriptBuildPhase;
			buildActionMask = 2147483647;
			files = (
			);
			inputPaths = (
			);
			name = "[CP] Copy Pods Resources";
			outputPaths = (
			);
			runOnlyForDeploymentPostprocessing = 0;
			shellPath = /bin/sh;
			shellScript = "\"${SRCROOT}/Pods/Target Support Files/Pods-BasePods-Base VN/Pods-BasePods-Base VN-resources.sh\"\n";
			showEnvVarsInLog = 0;
		};
		3701932D68002A13E831AC31 /* [CP] Embed Pods Frameworks */ = {
			isa = PBXShellScriptBuildPhase;
			buildActionMask = 2147483647;
			files = (
			);
			inputPaths = (
			);
			name = "[CP] Embed Pods Frameworks";
			outputPaths = (
			);
			runOnlyForDeploymentPostprocessing = 0;
			shellPath = /bin/sh;
			shellScript = "\"${SRCROOT}/Pods/Target Support Files/Pods-BasePods-Base VN/Pods-BasePods-Base VN-frameworks.sh\"\n";
			showEnvVarsInLog = 0;
		};
		397910ACE8920BD16F060168 /* [CP] Check Pods Manifest.lock */ = {
			isa = PBXShellScriptBuildPhase;
			buildActionMask = 2147483647;
			files = (
			);
			inputPaths = (
			);
			name = "[CP] Check Pods Manifest.lock";
			outputPaths = (
			);
			runOnlyForDeploymentPostprocessing = 0;
			shellPath = /bin/sh;
			shellScript = "diff \"${PODS_PODFILE_DIR_PATH}/Podfile.lock\" \"${PODS_ROOT}/Manifest.lock\" > /dev/null\nif [ $? != 0 ] ; then\n    # print error to STDERR\n    echo \"error: The sandbox is not in sync with the Podfile.lock. Run 'pod install' or update your CocoaPods installation.\" >&2\n    exit 1\nfi\n";
			showEnvVarsInLog = 0;
		};
		55D47F24DBF825AF3E402E7D /* [CP] Check Pods Manifest.lock */ = {
			isa = PBXShellScriptBuildPhase;
			buildActionMask = 2147483647;
			files = (
			);
			inputPaths = (
			);
			name = "[CP] Check Pods Manifest.lock";
			outputPaths = (
			);
			runOnlyForDeploymentPostprocessing = 0;
			shellPath = /bin/sh;
			shellScript = "diff \"${PODS_PODFILE_DIR_PATH}/Podfile.lock\" \"${PODS_ROOT}/Manifest.lock\" > /dev/null\nif [ $? != 0 ] ; then\n    # print error to STDERR\n    echo \"error: The sandbox is not in sync with the Podfile.lock. Run 'pod install' or update your CocoaPods installation.\" >&2\n    exit 1\nfi\n";
			showEnvVarsInLog = 0;
		};
		B39E31C550025550E986F2C0 /* [CP] Embed Pods Frameworks */ = {
			isa = PBXShellScriptBuildPhase;
			buildActionMask = 2147483647;
			files = (
			);
			inputPaths = (
			);
			name = "[CP] Embed Pods Frameworks";
			outputPaths = (
			);
			runOnlyForDeploymentPostprocessing = 0;
			shellPath = /bin/sh;
			shellScript = "\"${SRCROOT}/Pods/Target Support Files/Pods-BasePods-Base EN/Pods-BasePods-Base EN-frameworks.sh\"\n";
			showEnvVarsInLog = 0;
		};
		CD63A465FE0B14B30D953D3D /* [CP] Copy Pods Resources */ = {
			isa = PBXShellScriptBuildPhase;
			buildActionMask = 2147483647;
			files = (
			);
			inputPaths = (
			);
			name = "[CP] Copy Pods Resources";
			outputPaths = (
			);
			runOnlyForDeploymentPostprocessing = 0;
			shellPath = /bin/sh;
			shellScript = "\"${SRCROOT}/Pods/Target Support Files/Pods-BasePods-Base EN/Pods-BasePods-Base EN-resources.sh\"\n";
			showEnvVarsInLog = 0;
		};
/* End PBXShellScriptBuildPhase section */

/* Begin PBXSourcesBuildPhase section */
		BA7D54921F34284100401E5E /* Sources */ = {
			isa = PBXSourcesBuildPhase;
			buildActionMask = 2147483647;
			files = (
				BA7D552A1F348B8100401E5E /* BAlertAnimator.m in Sources */,
				BA7D55781F348E4E00401E5E /* NSError+BAppError.m in Sources */,
				BA7D54CA1F342FCB00401E5E /* BSelectDropdownButton.m in Sources */,
				BA7D54F91F34850600401E5E /* BSaleSelectButton.m in Sources */,
				BA7D55151F3487A600401E5E /* UIView+BAutolayout.m in Sources */,
				BA7D55301F348B8100401E5E /* BAlertController+InfoView.m in Sources */,
				BA7D554F1F348CA900401E5E /* BTKeyboardNotifier.m in Sources */,
				BA7D557A1F348E4E00401E5E /* NSError+BAppFormatter.m in Sources */,
				BA7D55BE1F348E6200401E5E /* NSError+BFormatter.m in Sources */,
				BA7D55481F348B9900401E5E /* UITextField+RightAlignedNoSpaceFix.m in Sources */,
				BA7D56151F34922F00401E5E /* MTLReflection.m in Sources */,
				BA7D560F1F34922F00401E5E /* MTLJSONAdapter.m in Sources */,
				BA7D54C01F342FCB00401E5E /* BClearButton.m in Sources */,
				BA7D54BC1F342FCB00401E5E /* BArrowButton.m in Sources */,
				BA7D54C81F342FCB00401E5E /* BSelectButton.m in Sources */,
				BA7D55421F348B9900401E5E /* BTextFieldNumberController.m in Sources */,
				BA7D561B1F34922F00401E5E /* NSArray+MTLManipulationAdditions.m in Sources */,
				BA7D56251F34922F00401E5E /* NSObject+MTLComparisonAdditions.m in Sources */,
				BA7D56271F34922F00401E5E /* NSValueTransformer+MTLInversionAdditions.m in Sources */,
				BA7D55641F348E3900401E5E /* NSString+BFormatter.m in Sources */,
				BA7D552E1F348B8100401E5E /* BAlertController+BSettings.m in Sources */,
				BA7D55621F348E3900401E5E /* NSDate+BFormatter.m in Sources */,
				BA7D54BE1F342FCB00401E5E /* BButton.m in Sources */,
				BA7D550D1F3485F900401E5E /* BLoadingHUD.m in Sources */,
				BA7D560B1F34922F00401E5E /* EXTScope.m in Sources */,
				BA7D55841F348E4E00401E5E /* NSError+BServerError.m in Sources */,
				BA7D552C1F348B8100401E5E /* BAlertController.m in Sources */,
				BA7D54FD1F34855400401E5E /* BSaleSelectButtonItem.m in Sources */,
				BA7D557C1F348E4E00401E5E /* NSError+BError.m in Sources */,
				BA7D55C61F348E6200401E5E /* NSError+BLoginFormatter.m in Sources */,
				BA7D56131F34922F00401E5E /* MTLModel+NSCoding.m in Sources */,
				BA7D54D91F3431DF00401E5E /* BLog.m in Sources */,
				BA7D54DD1F3431ED00401E5E /* BLang.m in Sources */,
				BA7D56111F34922F00401E5E /* MTLModel.m in Sources */,
				BA7D54CC1F342FCB00401E5E /* BSolidButton.m in Sources */,
				BA7D54C21F342FCB00401E5E /* BHorizontalButtonItem.m in Sources */,
				BA7D54931F34284100401E5E /* BTheme.m in Sources */,
				BA7D55881F348E4E00401E5E /* NSError+BWebViewError.m in Sources */,
				BA7D553E1F348B9900401E5E /* BTextFieldController.m in Sources */,
				BA7D54941F34284100401E5E /* UIColor+BAdditions.m in Sources */,
				BA7D55D61F348E6200401E5E /* NSError+BRegisterFormatter.m in Sources */,
				BA7D54951F34284100401E5E /* ViewController.m in Sources */,
				BA7D54961F34284100401E5E /* AppDelegate.m in Sources */,
				BA7D55111F3485F900401E5E /* BSuccessIconHUD.m in Sources */,
				BA7D55601F348E3900401E5E /* BNumberFormatter.m in Sources */,
				BA7D561F1F34922F00401E5E /* NSDictionary+MTLManipulationAdditions.m in Sources */,
				BA7D54D21F34308000401E5E /* BScale.m in Sources */,
				BA7D56191F34922F00401E5E /* MTLValueTransformer.m in Sources */,
				BA7D56291F34922F00401E5E /* NSValueTransformer+MTLPredefinedTransformerAdditions.m in Sources */,
				BA7D56091F34922F00401E5E /* EXTRuntimeExtensions.m in Sources */,
				BA7D56231F34922F00401E5E /* NSError+MTLModelException.m in Sources */,
				BA7D54E61F3434EA00401E5E /* BCountryLogic.m in Sources */,
				BA7D54EE1F3435FC00401E5E /* BGeneralLogic.m in Sources */,
				BA7D56171F34922F00401E5E /* MTLTransformerErrorHandling.m in Sources */,
				BA7D561D1F34922F00401E5E /* NSDictionary+MTLJSONKeyPath.m in Sources */,
				BA7D56211F34922F00401E5E /* NSDictionary+MTLMappingAdditions.m in Sources */,
				BA7D55321F348B8100401E5E /* BAlertInfoView.m in Sources */,
				BA7D54971F34284100401E5E /* main.m in Sources */,
				BA7D550B1F3485F900401E5E /* BErrorHUD.m in Sources */,
				BA7D55461F348B9900401E5E /* UITextField+BTextFieldController.m in Sources */,
				BA7D555E1F348E3900401E5E /* BDateFormatter.m in Sources */,
				BA7D54EA1F3435E400401E5E /* BVietnamLogic.m in Sources */,
				BA7D550F1F3485F900401E5E /* BSuccessHUD.m in Sources */,
				BA7D55091F3485F900401E5E /* BBaseHUD.m in Sources */,
			);
			runOnlyForDeploymentPostprocessing = 0;
		};
		BA8A597A1F3328C800F8E474 /* Sources */ = {
			isa = PBXSourcesBuildPhase;
			buildActionMask = 2147483647;
			files = (
				BA7D55291F348B8100401E5E /* BAlertAnimator.m in Sources */,
				BA7D55771F348E4E00401E5E /* NSError+BAppError.m in Sources */,
				BA7D54C91F342FCB00401E5E /* BSelectDropdownButton.m in Sources */,
				BA7D54F81F34850600401E5E /* BSaleSelectButton.m in Sources */,
				BA7D55141F3487A600401E5E /* UIView+BAutolayout.m in Sources */,
				BA7D552F1F348B8100401E5E /* BAlertController+InfoView.m in Sources */,
				BA7D554E1F348CA900401E5E /* BTKeyboardNotifier.m in Sources */,
				BA7D55791F348E4E00401E5E /* NSError+BAppFormatter.m in Sources */,
				BA7D55BD1F348E6200401E5E /* NSError+BFormatter.m in Sources */,
				BA7D55471F348B9900401E5E /* UITextField+RightAlignedNoSpaceFix.m in Sources */,
				BA7D56141F34922F00401E5E /* MTLReflection.m in Sources */,
				BA7D560E1F34922F00401E5E /* MTLJSONAdapter.m in Sources */,
				BA7D54BF1F342FCB00401E5E /* BClearButton.m in Sources */,
				BA7D54BB1F342FCB00401E5E /* BArrowButton.m in Sources */,
				BA7D54C71F342FCB00401E5E /* BSelectButton.m in Sources */,
				BA7D55411F348B9900401E5E /* BTextFieldNumberController.m in Sources */,
				BA7D561A1F34922F00401E5E /* NSArray+MTLManipulationAdditions.m in Sources */,
				BA7D56241F34922F00401E5E /* NSObject+MTLComparisonAdditions.m in Sources */,
				BA7D56261F34922F00401E5E /* NSValueTransformer+MTLInversionAdditions.m in Sources */,
				BA7D55631F348E3900401E5E /* NSString+BFormatter.m in Sources */,
				BA7D552D1F348B8100401E5E /* BAlertController+BSettings.m in Sources */,
				BA7D55611F348E3900401E5E /* NSDate+BFormatter.m in Sources */,
				BA7D54BD1F342FCB00401E5E /* BButton.m in Sources */,
				BA7D550C1F3485F900401E5E /* BLoadingHUD.m in Sources */,
				BA7D560A1F34922F00401E5E /* EXTScope.m in Sources */,
				BA7D55831F348E4E00401E5E /* NSError+BServerError.m in Sources */,
				BA7D552B1F348B8100401E5E /* BAlertController.m in Sources */,
				BA7D54FC1F34855400401E5E /* BSaleSelectButtonItem.m in Sources */,
				BA7D557B1F348E4E00401E5E /* NSError+BError.m in Sources */,
				BA7D55C51F348E6200401E5E /* NSError+BLoginFormatter.m in Sources */,
				BA7D56121F34922F00401E5E /* MTLModel+NSCoding.m in Sources */,
				BA7D54D81F3431DF00401E5E /* BLog.m in Sources */,
				BA7D54DC1F3431ED00401E5E /* BLang.m in Sources */,
				BA7D56101F34922F00401E5E /* MTLModel.m in Sources */,
				BA7D54CB1F342FCB00401E5E /* BSolidButton.m in Sources */,
				BA7D54C11F342FCB00401E5E /* BHorizontalButtonItem.m in Sources */,
				BA7D54891F341FB900401E5E /* BTheme.m in Sources */,
				BA7D55871F348E4E00401E5E /* NSError+BWebViewError.m in Sources */,
				BA7D553D1F348B9900401E5E /* BTextFieldController.m in Sources */,
				BA7D54901F3424E900401E5E /* UIColor+BAdditions.m in Sources */,
				BA7D55D51F348E6200401E5E /* NSError+BRegisterFormatter.m in Sources */,
				BA8A59891F3328C800F8E474 /* ViewController.m in Sources */,
				BA8A59861F3328C800F8E474 /* AppDelegate.m in Sources */,
				BA7D55101F3485F900401E5E /* BSuccessIconHUD.m in Sources */,
				BA7D555F1F348E3900401E5E /* BNumberFormatter.m in Sources */,
				BA7D561E1F34922F00401E5E /* NSDictionary+MTLManipulationAdditions.m in Sources */,
				BA7D54D11F34308000401E5E /* BScale.m in Sources */,
				BA7D56181F34922F00401E5E /* MTLValueTransformer.m in Sources */,
				BA7D56281F34922F00401E5E /* NSValueTransformer+MTLPredefinedTransformerAdditions.m in Sources */,
				BA7D56081F34922F00401E5E /* EXTRuntimeExtensions.m in Sources */,
				BA7D56221F34922F00401E5E /* NSError+MTLModelException.m in Sources */,
				BA7D54E51F3434EA00401E5E /* BCountryLogic.m in Sources */,
				BA7D54ED1F3435FC00401E5E /* BGeneralLogic.m in Sources */,
				BA7D56161F34922F00401E5E /* MTLTransformerErrorHandling.m in Sources */,
				BA7D561C1F34922F00401E5E /* NSDictionary+MTLJSONKeyPath.m in Sources */,
				BA7D56201F34922F00401E5E /* NSDictionary+MTLMappingAdditions.m in Sources */,
				BA7D55311F348B8100401E5E /* BAlertInfoView.m in Sources */,
				BA8A59831F3328C800F8E474 /* main.m in Sources */,
				BA7D550A1F3485F900401E5E /* BErrorHUD.m in Sources */,
				BA7D55451F348B9900401E5E /* UITextField+BTextFieldController.m in Sources */,
				BA7D555D1F348E3900401E5E /* BDateFormatter.m in Sources */,
				BA7D54E91F3435E400401E5E /* BVietnamLogic.m in Sources */,
				BA7D550E1F3485F900401E5E /* BSuccessHUD.m in Sources */,
				BA7D55081F3485F900401E5E /* BBaseHUD.m in Sources */,
			);
			runOnlyForDeploymentPostprocessing = 0;
		};
		BA8A59931F3328C800F8E474 /* Sources */ = {
			isa = PBXSourcesBuildPhase;
			buildActionMask = 2147483647;
			files = (
				BA8A599C1F3328C800F8E474 /* ObjectiveCBaseApplicationTests.m in Sources */,
			);
			runOnlyForDeploymentPostprocessing = 0;
		};
		BA8A599E1F3328C800F8E474 /* Sources */ = {
			isa = PBXSourcesBuildPhase;
			buildActionMask = 2147483647;
			files = (
				BA8A59A71F3328C800F8E474 /* ObjectiveCBaseApplicationUITests.m in Sources */,
			);
			runOnlyForDeploymentPostprocessing = 0;
		};
/* End PBXSourcesBuildPhase section */

/* Begin PBXTargetDependency section */
		BA8A59991F3328C800F8E474 /* PBXTargetDependency */ = {
			isa = PBXTargetDependency;
			target = BA8A597D1F3328C800F8E474 /* Base EN */;
			targetProxy = BA8A59981F3328C800F8E474 /* PBXContainerItemProxy */;
		};
		BA8A59A41F3328C800F8E474 /* PBXTargetDependency */ = {
			isa = PBXTargetDependency;
			target = BA8A597D1F3328C800F8E474 /* Base EN */;
			targetProxy = BA8A59A31F3328C800F8E474 /* PBXContainerItemProxy */;
		};
/* End PBXTargetDependency section */

/* Begin XCBuildConfiguration section */
		BA7D549C1F34284100401E5E /* Debug */ = {
			isa = XCBuildConfiguration;
			baseConfigurationReference = 8200F41C4CC12FEDC6AAD3E5 /* Pods-BasePods-Base VN.debug.xcconfig */;
			buildSettings = {
				ASSETCATALOG_COMPILER_APPICON_NAME = AppIcon;
				CLANG_ENABLE_MODULES = YES;
				GCC_PREFIX_HEADER = "$(SRCROOT)/ObjectiveCBaseApplication/Base/Supporting/Base-Prefix.pch";
				INFOPLIST_FILE = "ObjectiveCBaseApplication copy-Info.plist";
				IPHONEOS_DEPLOYMENT_TARGET = 7.0;
				LD_RUNPATH_SEARCH_PATHS = "$(inherited) @executable_path/Frameworks";
				PRODUCT_BUNDLE_IDENTIFIER = com.smvn.obj.baseapp.vn;
				PRODUCT_NAME = "$(TARGET_NAME)";
				SWIFT_OBJC_BRIDGING_HEADER = "ObjectiveCBaseApplication/Base/Views/Button/Base VN-Bridging-Header.h";
				SWIFT_OPTIMIZATION_LEVEL = "-Onone";
			};
			name = Debug;
		};
		BA7D549D1F34284100401E5E /* Release */ = {
			isa = XCBuildConfiguration;
			baseConfigurationReference = E73CB608CBD6D9D9FFE1805A /* Pods-BasePods-Base VN.release.xcconfig */;
			buildSettings = {
				ASSETCATALOG_COMPILER_APPICON_NAME = AppIcon;
				CLANG_ENABLE_MODULES = YES;
				GCC_PREFIX_HEADER = "$(SRCROOT)/ObjectiveCBaseApplication/Base/Supporting/Base-Prefix.pch";
				INFOPLIST_FILE = "ObjectiveCBaseApplication copy-Info.plist";
				IPHONEOS_DEPLOYMENT_TARGET = 7.0;
				LD_RUNPATH_SEARCH_PATHS = "$(inherited) @executable_path/Frameworks";
				PRODUCT_BUNDLE_IDENTIFIER = com.smvn.obj.baseapp.vn;
				PRODUCT_NAME = "$(TARGET_NAME)";
				SWIFT_OBJC_BRIDGING_HEADER = "ObjectiveCBaseApplication/Base/Views/Button/Base VN-Bridging-Header.h";
			};
			name = Release;
		};
		BA8A59A91F3328C800F8E474 /* Debug */ = {
			isa = XCBuildConfiguration;
			buildSettings = {
				ALWAYS_SEARCH_USER_PATHS = NO;
				CLANG_ANALYZER_NONNULL = YES;
				CLANG_CXX_LANGUAGE_STANDARD = "gnu++0x";
				CLANG_CXX_LIBRARY = "libc++";
				CLANG_ENABLE_MODULES = YES;
				CLANG_ENABLE_OBJC_ARC = YES;
				CLANG_WARN_BOOL_CONVERSION = YES;
				CLANG_WARN_CONSTANT_CONVERSION = YES;
				CLANG_WARN_DIRECT_OBJC_ISA_USAGE = YES_ERROR;
				CLANG_WARN_EMPTY_BODY = YES;
				CLANG_WARN_ENUM_CONVERSION = YES;
				CLANG_WARN_INT_CONVERSION = YES;
				CLANG_WARN_OBJC_ROOT_CLASS = YES_ERROR;
				CLANG_WARN_UNREACHABLE_CODE = YES;
				CLANG_WARN__DUPLICATE_METHOD_MATCH = YES;
				"CODE_SIGN_IDENTITY[sdk=iphoneos*]" = "iPhone Developer";
				COPY_PHASE_STRIP = NO;
				DEBUG_INFORMATION_FORMAT = dwarf;
				ENABLE_STRICT_OBJC_MSGSEND = YES;
				ENABLE_TESTABILITY = YES;
				GCC_C_LANGUAGE_STANDARD = gnu99;
				GCC_DYNAMIC_NO_PIC = NO;
				GCC_NO_COMMON_BLOCKS = YES;
				GCC_OPTIMIZATION_LEVEL = 0;
				GCC_PREFIX_HEADER = "";
				GCC_PREPROCESSOR_DEFINITIONS = (
					"DEBUG=1",
					"$(inherited)",
				);
				GCC_WARN_64_TO_32_BIT_CONVERSION = YES;
				GCC_WARN_ABOUT_RETURN_TYPE = YES_ERROR;
				GCC_WARN_UNDECLARED_SELECTOR = YES;
				GCC_WARN_UNINITIALIZED_AUTOS = YES_AGGRESSIVE;
				GCC_WARN_UNUSED_FUNCTION = YES;
				GCC_WARN_UNUSED_VARIABLE = YES;
				IPHONEOS_DEPLOYMENT_TARGET = 7.0;
				MTL_ENABLE_DEBUG_INFO = YES;
				ONLY_ACTIVE_ARCH = YES;
				SDKROOT = iphoneos;
			};
			name = Debug;
		};
		BA8A59AA1F3328C800F8E474 /* Release */ = {
			isa = XCBuildConfiguration;
			buildSettings = {
				ALWAYS_SEARCH_USER_PATHS = NO;
				CLANG_ANALYZER_NONNULL = YES;
				CLANG_CXX_LANGUAGE_STANDARD = "gnu++0x";
				CLANG_CXX_LIBRARY = "libc++";
				CLANG_ENABLE_MODULES = YES;
				CLANG_ENABLE_OBJC_ARC = YES;
				CLANG_WARN_BOOL_CONVERSION = YES;
				CLANG_WARN_CONSTANT_CONVERSION = YES;
				CLANG_WARN_DIRECT_OBJC_ISA_USAGE = YES_ERROR;
				CLANG_WARN_EMPTY_BODY = YES;
				CLANG_WARN_ENUM_CONVERSION = YES;
				CLANG_WARN_INT_CONVERSION = YES;
				CLANG_WARN_OBJC_ROOT_CLASS = YES_ERROR;
				CLANG_WARN_UNREACHABLE_CODE = YES;
				CLANG_WARN__DUPLICATE_METHOD_MATCH = YES;
				"CODE_SIGN_IDENTITY[sdk=iphoneos*]" = "iPhone Developer";
				COPY_PHASE_STRIP = NO;
				DEBUG_INFORMATION_FORMAT = "dwarf-with-dsym";
				ENABLE_NS_ASSERTIONS = NO;
				ENABLE_STRICT_OBJC_MSGSEND = YES;
				GCC_C_LANGUAGE_STANDARD = gnu99;
				GCC_NO_COMMON_BLOCKS = YES;
				GCC_PREFIX_HEADER = "";
				GCC_WARN_64_TO_32_BIT_CONVERSION = YES;
				GCC_WARN_ABOUT_RETURN_TYPE = YES_ERROR;
				GCC_WARN_UNDECLARED_SELECTOR = YES;
				GCC_WARN_UNINITIALIZED_AUTOS = YES_AGGRESSIVE;
				GCC_WARN_UNUSED_FUNCTION = YES;
				GCC_WARN_UNUSED_VARIABLE = YES;
				IPHONEOS_DEPLOYMENT_TARGET = 7.0;
				MTL_ENABLE_DEBUG_INFO = NO;
				SDKROOT = iphoneos;
				VALIDATE_PRODUCT = YES;
			};
			name = Release;
		};
		BA8A59AC1F3328C800F8E474 /* Debug */ = {
			isa = XCBuildConfiguration;
			baseConfigurationReference = A4C25FCA1521C4E9C5A4AB07 /* Pods-BasePods-Base EN.debug.xcconfig */;
			buildSettings = {
				ASSETCATALOG_COMPILER_APPICON_NAME = AppIcon;
				CLANG_ENABLE_MODULES = YES;
				GCC_PREFIX_HEADER = "$(SRCROOT)/ObjectiveCBaseApplication/Base/Supporting/Base-Prefix.pch";
				INFOPLIST_FILE = ObjectiveCBaseApplication/Info.plist;
				IPHONEOS_DEPLOYMENT_TARGET = 7.0;
				LD_RUNPATH_SEARCH_PATHS = "$(inherited) @executable_path/Frameworks";
				PRODUCT_BUNDLE_IDENTIFIER = com.smvn.obj.baseapp;
				PRODUCT_NAME = "$(TARGET_NAME)";
				SWIFT_OBJC_BRIDGING_HEADER = "ObjectiveCBaseApplication/Base/Views/Button/Base EN-Bridging-Header.h";
				SWIFT_OPTIMIZATION_LEVEL = "-Onone";
			};
			name = Debug;
		};
		BA8A59AD1F3328C800F8E474 /* Release */ = {
			isa = XCBuildConfiguration;
			baseConfigurationReference = 38D08F05871A34456ACE69CA /* Pods-BasePods-Base EN.release.xcconfig */;
			buildSettings = {
				ASSETCATALOG_COMPILER_APPICON_NAME = AppIcon;
				CLANG_ENABLE_MODULES = YES;
				GCC_PREFIX_HEADER = "$(SRCROOT)/ObjectiveCBaseApplication/Base/Supporting/Base-Prefix.pch";
				INFOPLIST_FILE = ObjectiveCBaseApplication/Info.plist;
				IPHONEOS_DEPLOYMENT_TARGET = 7.0;
				LD_RUNPATH_SEARCH_PATHS = "$(inherited) @executable_path/Frameworks";
				PRODUCT_BUNDLE_IDENTIFIER = com.smvn.obj.baseapp;
				PRODUCT_NAME = "$(TARGET_NAME)";
				SWIFT_OBJC_BRIDGING_HEADER = "ObjectiveCBaseApplication/Base/Views/Button/Base EN-Bridging-Header.h";
			};
			name = Release;
		};
		BA8A59AF1F3328C800F8E474 /* Debug */ = {
			isa = XCBuildConfiguration;
			buildSettings = {
				BUNDLE_LOADER = "$(TEST_HOST)";
				INFOPLIST_FILE = ObjectiveCBaseApplicationTests/Info.plist;
				LD_RUNPATH_SEARCH_PATHS = "$(inherited) @executable_path/Frameworks @loader_path/Frameworks";
				PRODUCT_BUNDLE_IDENTIFIER = com.smvn.baseapp.ObjectiveCBaseApplicationTests;
				PRODUCT_NAME = "$(TARGET_NAME)";
				TEST_HOST = "$(BUILT_PRODUCTS_DIR)/ObjectiveCBaseApplication.app/ObjectiveCBaseApplication";
			};
			name = Debug;
		};
		BA8A59B01F3328C800F8E474 /* Release */ = {
			isa = XCBuildConfiguration;
			buildSettings = {
				BUNDLE_LOADER = "$(TEST_HOST)";
				INFOPLIST_FILE = ObjectiveCBaseApplicationTests/Info.plist;
				LD_RUNPATH_SEARCH_PATHS = "$(inherited) @executable_path/Frameworks @loader_path/Frameworks";
				PRODUCT_BUNDLE_IDENTIFIER = com.smvn.baseapp.ObjectiveCBaseApplicationTests;
				PRODUCT_NAME = "$(TARGET_NAME)";
				TEST_HOST = "$(BUILT_PRODUCTS_DIR)/ObjectiveCBaseApplication.app/ObjectiveCBaseApplication";
			};
			name = Release;
		};
		BA8A59B21F3328C800F8E474 /* Debug */ = {
			isa = XCBuildConfiguration;
			buildSettings = {
				INFOPLIST_FILE = ObjectiveCBaseApplicationUITests/Info.plist;
				LD_RUNPATH_SEARCH_PATHS = "$(inherited) @executable_path/Frameworks @loader_path/Frameworks";
				PRODUCT_BUNDLE_IDENTIFIER = com.smvn.baseapp.ObjectiveCBaseApplicationUITests;
				PRODUCT_NAME = "$(TARGET_NAME)";
				TEST_TARGET_NAME = ObjectiveCBaseApplication;
			};
			name = Debug;
		};
		BA8A59B31F3328C800F8E474 /* Release */ = {
			isa = XCBuildConfiguration;
			buildSettings = {
				INFOPLIST_FILE = ObjectiveCBaseApplicationUITests/Info.plist;
				LD_RUNPATH_SEARCH_PATHS = "$(inherited) @executable_path/Frameworks @loader_path/Frameworks";
				PRODUCT_BUNDLE_IDENTIFIER = com.smvn.baseapp.ObjectiveCBaseApplicationUITests;
				PRODUCT_NAME = "$(TARGET_NAME)";
				TEST_TARGET_NAME = ObjectiveCBaseApplication;
			};
			name = Release;
		};
/* End XCBuildConfiguration section */

/* Begin XCConfigurationList section */
		BA7D549B1F34284100401E5E /* Build configuration list for PBXNativeTarget "Base VN" */ = {
			isa = XCConfigurationList;
			buildConfigurations = (
				BA7D549C1F34284100401E5E /* Debug */,
				BA7D549D1F34284100401E5E /* Release */,
			);
			defaultConfigurationIsVisible = 0;
			defaultConfigurationName = Release;
		};
		BA8A59791F3328C800F8E474 /* Build configuration list for PBXProject "ObjectiveCBaseApplication" */ = {
			isa = XCConfigurationList;
			buildConfigurations = (
				BA8A59A91F3328C800F8E474 /* Debug */,
				BA8A59AA1F3328C800F8E474 /* Release */,
			);
			defaultConfigurationIsVisible = 0;
			defaultConfigurationName = Release;
		};
		BA8A59AB1F3328C800F8E474 /* Build configuration list for PBXNativeTarget "Base EN" */ = {
			isa = XCConfigurationList;
			buildConfigurations = (
				BA8A59AC1F3328C800F8E474 /* Debug */,
				BA8A59AD1F3328C800F8E474 /* Release */,
			);
			defaultConfigurationIsVisible = 0;
			defaultConfigurationName = Release;
		};
		BA8A59AE1F3328C800F8E474 /* Build configuration list for PBXNativeTarget "ObjectiveCBaseApplicationTests" */ = {
			isa = XCConfigurationList;
			buildConfigurations = (
				BA8A59AF1F3328C800F8E474 /* Debug */,
				BA8A59B01F3328C800F8E474 /* Release */,
			);
			defaultConfigurationIsVisible = 0;
			defaultConfigurationName = Release;
		};
		BA8A59B11F3328C800F8E474 /* Build configuration list for PBXNativeTarget "ObjectiveCBaseApplicationUITests" */ = {
			isa = XCConfigurationList;
			buildConfigurations = (
				BA8A59B21F3328C800F8E474 /* Debug */,
				BA8A59B31F3328C800F8E474 /* Release */,
			);
			defaultConfigurationIsVisible = 0;
			defaultConfigurationName = Release;
		};
/* End XCConfigurationList section */
	};
	rootObject = BA8A59761F3328C800F8E474 /* Project object */;
}
